
Microsoft Visual Studio Solution File, Format Version 12.00
# Visual Studio Version 17
VisualStudioVersion = 17.0.31903.59
MinimumVisualStudioVersion = 10.0.40219.1
Project("{2150E333-8FDC-42A3-9474-1A3956D46DE8}") = "src", "src", "{827E0CD3-B72D-47B6-A68D-7590B98EB39B}"
EndProject
Project("{FAE04EC0-301F-11D3-BF4B-00C04F79EFBC}") = "LucidRAG", "src\LucidRAG\LucidRAG.csproj", "{0A84708D-0608-41F0-9904-2E6320B94D77}"
EndProject
Project("{FAE04EC0-301F-11D3-BF4B-00C04F79EFBC}") = "Mostlylucid.DocSummarizer.Core", "src\Mostlylucid.DocSummarizer.Core\Mostlylucid.DocSummarizer.Core.csproj", "{C5083A7E-1897-4A24-A185-B4EAD0209189}"
EndProject
Project("{FAE04EC0-301F-11D3-BF4B-00C04F79EFBC}") = "Mostlylucid.GraphRag", "src\Mostlylucid.GraphRag\Mostlylucid.GraphRag.csproj", "{4BE6FE6F-E83E-48E7-986B-B19CBA1B6FF4}"
EndProject
Project("{FAE04EC0-301F-11D3-BF4B-00C04F79EFBC}") = "Mostlylucid.RAG", "src\Mostlylucid.RAG\Mostlylucid.RAG.csproj", "{AB405739-E833-48A4-A68F-5AC73535A198}"
EndProject
Project("{FAE04EC0-301F-11D3-BF4B-00C04F79EFBC}") = "LucidRAG.Cli", "src\LucidRAG.Cli\LucidRAG.Cli.csproj", "{3006DE90-7B2D-4BAD-B409-386F62764689}"
EndProject
Project("{FAE04EC0-301F-11D3-BF4B-00C04F79EFBC}") = "LucidRAG.Tests", "src\LucidRAG.Tests\LucidRAG.Tests.csproj", "{6C8B0CE4-DE64-4CAD-8315-97ED726DF390}"
EndProject
Project("{2150E333-8FDC-42A3-9474-1A3956D46DE8}") = "_root", "_root", "{7BFA8D93-CD4B-4304-8EDB-5DD5CCE17AFA}"
	ProjectSection(SolutionItems) = preProject
		.github\workflows\build.yml = .github\workflows\build.yml
		.github\workflows\publish-docsummarizer-nuget.yml = .github\workflows\publish-docsummarizer-nuget.yml
		.github\workflows\release-lucidrag.yml = .github\workflows\release-lucidrag.yml
		.github\workflows\release-lucidrag-cli.yml = .github\workflows\release-lucidrag-cli.yml
		CLAUDE.md = CLAUDE.md
	EndProjectSection
EndProject
Project("{FAE04EC0-301F-11D3-BF4B-00C04F79EFBC}") = "Mostlylucid.DocSummarizer.Core.Tests", "src\Mostlylucid.DocSummarizer.Core.Tests\Mostlylucid.DocSummarizer.Core.Tests.csproj", "{1499AB32-A308-41A9-8C51-1A34622A1C9D}"
EndProject
Project("{FAE04EC0-301F-11D3-BF4B-00C04F79EFBC}") = "Mostlylucid.DocSummarizer", "src\Mostlylucid.DocSummarizer\Mostlylucid.DocSummarizer.csproj", "{3098C621-3018-418A-9339-EE9A62682F36}"
EndProject
Project("{FAE04EC0-301F-11D3-BF4B-00C04F79EFBC}") = "Mostlylucid.DocSummarizer.Article.Tests", "src\Mostlylucid.DocSummarizer.Article.Tests\Mostlylucid.DocSummarizer.Article.Tests.csproj", "{61164F74-505D-4E60-88B6-15E4FC53B402}"
EndProject
Project("{FAE04EC0-301F-11D3-BF4B-00C04F79EFBC}") = "Mostlylucid.DocSummarizer.Mcp", "src\Mostlylucid.DocSummarizer.Mcp\Mostlylucid.DocSummarizer.Mcp.csproj", "{DCC194A6-F28B-4B6D-A734-92ED0D303CE0}"
EndProject
Project("{FAE04EC0-301F-11D3-BF4B-00C04F79EFBC}") = "Mostlylucid.DocSummarizer.TestConsole", "src\Mostlylucid.DocSummarizer.TestConsole\Mostlylucid.DocSummarizer.TestConsole.csproj", "{AD8FDFAA-D638-4499-82F9-97BD22A9EDD6}"
EndProject
Project("{FAE04EC0-301F-11D3-BF4B-00C04F79EFBC}") = "Mostlylucid.DocSummarizer.Tests", "src\Mostlylucid.DocSummarizer.Tests\Mostlylucid.DocSummarizer.Tests.csproj", "{2C99C757-892C-4222-8B14-68353CFD6D02}"
EndProject
Project("{FAE04EC0-301F-11D3-BF4B-00C04F79EFBC}") = "Mostlylucid.Shared", "src\Mostlylucid.Shared\Mostlylucid.Shared.csproj", "{C341C48F-77F4-42BE-9E73-03EC7D6711E3}"
EndProject
Project("{FAE04EC0-301F-11D3-BF4B-00C04F79EFBC}") = "Mostlylucid.DocSummarizer.Images", "src\Mostlylucid.DocSummarizer.Images\Mostlylucid.DocSummarizer.Images.csproj", "{D2643013-4230-4723-B74A-725D9ADEC9E7}"
EndProject
Project("{FAE04EC0-301F-11D3-BF4B-00C04F79EFBC}") = "Mostlylucid.DocSummarizer.Anthropic", "src\Mostlylucid.DocSummarizer.Anthropic\Mostlylucid.DocSummarizer.Anthropic.csproj", "{B02790C8-C9C1-4B1E-9520-567BA01813FA}"
EndProject
Project("{FAE04EC0-301F-11D3-BF4B-00C04F79EFBC}") = "Mostlylucid.DocSummarizer.OpenAI", "src\Mostlylucid.DocSummarizer.OpenAI\Mostlylucid.DocSummarizer.OpenAI.csproj", "{D0BE466E-4CE3-454A-A5B7-DE93C7933118}"
EndProject
Project("{FAE04EC0-301F-11D3-BF4B-00C04F79EFBC}") = "Mostlylucid.DocSummarizer.Images.Tests", "src\Mostlylucid.DocSummarizer.Images.Tests\Mostlylucid.DocSummarizer.Images.Tests.csproj", "{B677A6EE-F5F1-4BF7-90AC-9613484A0087}"
EndProject
Project("{FAE04EC0-301F-11D3-BF4B-00C04F79EFBC}") = "Mostlylucid.ImageSummarizer.Cli", "src\Mostlylucid.ImageSummarizer.Cli\Mostlylucid.ImageSummarizer.Cli.csproj", "{C5E1D9A8-3F42-4A1E-9B7D-2E8F66C3DD77}"
EndProject
Project("{FAE04EC0-301F-11D3-BF4B-00C04F79EFBC}") = "LucidRAG.ImageCli", "src\LucidRAG.ImageCli\LucidRAG.ImageCli.csproj", "{8DFC1096-2448-4B1E-9F8A-1E6F55A2BB66}"
EndProject
Project("{FAE04EC0-301F-11D3-BF4B-00C04F79EFBC}") = "LucidRAG.ImageCli.Tests", "src\LucidRAG.ImageCli.Tests\LucidRAG.ImageCli.Tests.csproj", "{491D9C65-8450-46AA-A225-F29248ED5CFA}"
EndProject
Project("{2150E333-8FDC-42A3-9474-1A3956D46DE8}") = "ImageSummarizer", "ImageSummarizer", "{4F11B83B-1F83-4C8A-BAB1-77BBBF08803C}"
EndProject
Project("{FAE04EC0-301F-11D3-BF4B-00C04F79EFBC}") = "Mostlylucid.ImageSummarizer.Desktop", "src\Mostlylucid.ImageSummarizer.Desktop\Mostlylucid.ImageSummarizer.Desktop.csproj", "{6E404BB0-97E4-4B0A-88F2-4BC58EE22022}"
EndProject
Project("{2150E333-8FDC-42A3-9474-1A3956D46DE8}") = "SignSummarizer", "SignSummarizer", "{DEB9D883-2407-4C84-9973-C90B25F613B8}"
EndProject
Project("{FAE04EC0-301F-11D3-BF4B-00C04F79EFBC}") = "SignSummarizer.UI", "SignSummarizer.UI\SignSummarizer.UI.csproj", "{827EAA89-EA5A-484B-82BF-D5A95D26C90B}"
EndProject
Project("{FAE04EC0-301F-11D3-BF4B-00C04F79EFBC}") = "SignSummarizer.Core", "SignSummarizer.Core\SignSummarizer.Core.csproj", "{A4F0C110-7A4A-4CE6-89B8-D9F534CE5BCA}"
EndProject
Project("{FAE04EC0-301F-11D3-BF4B-00C04F79EFBC}") = "Mostlylucid.DataSummarizer", "src\Mostlylucid.DataSummarizer\Mostlylucid.DataSummarizer.csproj", "{7A0596C5-49FF-4E7E-949A-D65C34BEFB93}"
EndProject
Project("{FAE04EC0-301F-11D3-BF4B-00C04F79EFBC}") = "LucidRAG.LLM", "src\LucidRAG.LLM\LucidRAG.LLM.csproj", "{8B1734C4-777B-4604-9071-615A81A96B94}"
EndProject
Project("{2150E333-8FDC-42A3-9474-1A3956D46DE8}") = "DocSummarizer", "DocSummarizer", "{BCFD99C3-A9AB-4F2C-8A18-2F32FEFAAAA6}"
EndProject
Project("{2150E333-8FDC-42A3-9474-1A3956D46DE8}") = "AudioSummarizer", "AudioSummarizer", "{74EE9F7C-C542-44EC-9A7A-15E5637C1477}"
EndProject
Project("{FAE04EC0-301F-11D3-BF4B-00C04F79EFBC}") = "AudioSummarizer.Core", "src\AudioSummarizer.Core\AudioSummarizer.Core.csproj", "{B9632D54-8169-4061-BB89-6C4A4033B501}"
EndProject
Project("{FAE04EC0-301F-11D3-BF4B-00C04F79EFBC}") = "AudioSummarizer.Tests", "src\AudioSummarizer.Tests\AudioSummarizer.Tests.csproj", "{A57BE809-208D-4B07-8D48-16D16C6F6FCD}"
EndProject
Project("{2150E333-8FDC-42A3-9474-1A3956D46DE8}") = "lucidRAG", "lucidRAG", "{0BDB5CE1-65A4-4EAE-AD88-2AA0A85F1E71}"
EndProject
Project("{2150E333-8FDC-42A3-9474-1A3956D46DE8}") = "DataSummarier", "DataSummarier", "{7A94CD93-8608-4FC4-A39C-ED5FDE9225C2}"
EndProject
Project("{FAE04EC0-301F-11D3-BF4B-00C04F79EFBC}") = "Mostlylucid.Summarizer.Core", "src\Mostlylucid.Summarizer.Core\Mostlylucid.Summarizer.Core.csproj", "{926B6EEC-BAF6-489F-8929-041B45BB0236}"
EndProject
Project("{FAE04EC0-301F-11D3-BF4B-00C04F79EFBC}") = "VideoSummarizer.Core", "src\VideoSummarizer.Core\VideoSummarizer.Core.csproj", "{579C8285-3DBC-44CC-B9FD-D60CBCCD7527}"
EndProject
Project("{FAE04EC0-301F-11D3-BF4B-00C04F79EFBC}") = "DoomSummarizer", "src\DoomSummarizer\DoomSummarizer.csproj", "{88A132D4-0456-4D06-90FC-C8F1DA0D10A3}"
EndProject
Project("{FAE04EC0-301F-11D3-BF4B-00C04F79EFBC}") = "DoomSummarizer.Tests", "src\DoomSummarizer.Tests\DoomSummarizer.Tests.csproj", "{A3D9763A-CE2C-4374-B9BF-DB0FAEB5EDE1}"
EndProject
Project("{FAE04EC0-301F-11D3-BF4B-00C04F79EFBC}") = "DoomSummarizer.Core", "src\DoomSummarizer.Core\DoomSummarizer.Core.csproj", "{F89977EA-6FEC-41FB-84A3-453D1ADD4A96}"
EndProject
Project("{FAE04EC0-301F-11D3-BF4B-00C04F79EFBC}") = "DoomWriter", "src\DoomWriter\DoomWriter.csproj", "{9D251418-D073-4E2A-B574-29D3A572AD4B}"
EndProject
Project("{FAE04EC0-301F-11D3-BF4B-00C04F79EFBC}") = "DoomWriter.Tests", "src\DoomWriter.Tests\DoomWriter.Tests.csproj", "{B3BDC613-6632-428F-A6A8-3AA251F7E2CF}"
EndProject
Project("{FAE04EC0-301F-11D3-BF4B-00C04F79EFBC}") = "Mostlylucid.DocSummarizer.Rdbms.Sqlite", "src\Mostlylucid.DocSummarizer.Rdbms.Sqlite\Mostlylucid.DocSummarizer.Rdbms.Sqlite.csproj", "{2184C69C-22C8-42F0-B0F8-A6112AC05AF9}"
EndProject
Project("{FAE04EC0-301F-11D3-BF4B-00C04F79EFBC}") = "Mostlylucid.DocSummarizer.FullText.Lucene", "src\Mostlylucid.DocSummarizer.FullText.Lucene\Mostlylucid.DocSummarizer.FullText.Lucene.csproj", "{0963A71C-6E1E-4E5C-BC76-33AEA30BB058}"
EndProject
Project("{FAE04EC0-301F-11D3-BF4B-00C04F79EFBC}") = "Mostlylucid.DocSummarizer.FullText.Sqlite", "src\Mostlylucid.DocSummarizer.FullText.Sqlite\Mostlylucid.DocSummarizer.FullText.Sqlite.csproj", "{7A9D8D8F-57C8-4650-8B93-B090A96F28BA}"
EndProject
Project("{2150E333-8FDC-42A3-9474-1A3956D46DE8}") = "Plugins", "Plugins", "{07D57EEB-2F50-60C4-C011-FE4FA775C9A8}"
EndProject
Project("{2150E333-8FDC-42A3-9474-1A3956D46DE8}") = "Sources", "Sources", "{7814024B-3575-4F91-10E5-8B75C9CA7967}"
EndProject
Project("{FAE04EC0-301F-11D3-BF4B-00C04F79EFBC}") = "Mostlylucid.DoomSummarizer.Source.HackerNews", "src\Mostlylucid.DoomSummarizer.Source.HackerNews\Mostlylucid.DoomSummarizer.Source.HackerNews.csproj", "{A7A537C9-C380-4705-A790-15235D014C8C}"
EndProject
Project("{FAE04EC0-301F-11D3-BF4B-00C04F79EFBC}") = "Mostlylucid.DoomSummarizer.Source.Reddit", "src\Mostlylucid.DoomSummarizer.Source.Reddit\Mostlylucid.DoomSummarizer.Source.Reddit.csproj", "{CA887EE0-647C-4AC8-9BA3-373298E518B5}"
EndProject
Project("{FAE04EC0-301F-11D3-BF4B-00C04F79EFBC}") = "Mostlylucid.DoomSummarizer.Source.Google", "src\Mostlylucid.DoomSummarizer.Source.Google\Mostlylucid.DoomSummarizer.Source.Google.csproj", "{4561AB3C-303A-40B2-ADEA-6E395C9D0E71}"
EndProject
Project("{FAE04EC0-301F-11D3-BF4B-00C04F79EFBC}") = "Mostlylucid.DoomSummarizer.Source.News", "src\Mostlylucid.DoomSummarizer.Source.News\Mostlylucid.DoomSummarizer.Source.News.csproj", "{932FE02A-DBE3-4DF6-B725-2BA6082D1D24}"
EndProject
Project("{FAE04EC0-301F-11D3-BF4B-00C04F79EFBC}") = "Mostlylucid.DoomSummarizer.Source.Web", "src\Mostlylucid.DoomSummarizer.Source.Web\Mostlylucid.DoomSummarizer.Source.Web.csproj", "{B7339EC4-A6E3-49FF-AE35-1AD974CD9758}"
EndProject
Project("{FAE04EC0-301F-11D3-BF4B-00C04F79EFBC}") = "Mostlylucid.DoomSummarizer.Source.Academic", "src\Mostlylucid.DoomSummarizer.Source.Academic\Mostlylucid.DoomSummarizer.Source.Academic.csproj", "{1B94C48C-92F0-4117-89D0-0ECD111956D2}"
EndProject
Project("{FAE04EC0-301F-11D3-BF4B-00C04F79EFBC}") = "Mostlylucid.DoomSummarizer.Source.Science", "src\Mostlylucid.DoomSummarizer.Source.Science\Mostlylucid.DoomSummarizer.Source.Science.csproj", "{6396113D-F9A1-4299-B0C9-3B20A893AEFD}"
EndProject
Project("{FAE04EC0-301F-11D3-BF4B-00C04F79EFBC}") = "Mostlylucid.DoomSummarizer.Source.Reference", "src\Mostlylucid.DoomSummarizer.Source.Reference\Mostlylucid.DoomSummarizer.Source.Reference.csproj", "{4877503C-3B10-4E00-9BC7-7780527BB7A2}"
EndProject
Project("{FAE04EC0-301F-11D3-BF4B-00C04F79EFBC}") = "Mostlylucid.DoomSummarizer.Complete", "src\Mostlylucid.DoomSummarizer.Complete\Mostlylucid.DoomSummarizer.Complete.csproj", "{BB2E31DE-F903-4E45-AC5F-8659600DFB70}"
EndProject
Project("{2150E333-8FDC-42A3-9474-1A3956D46DE8}") = "Tests", "Tests", "{B0F11E69-D714-39B2-4156-5A6CDEBB0B88}"
EndProject
Project("{FAE04EC0-301F-11D3-BF4B-00C04F79EFBC}") = "Mostlylucid.DocSummarizer.FullText.Lucene.Tests", "src\Mostlylucid.DocSummarizer.FullText.Lucene.Tests\Mostlylucid.DocSummarizer.FullText.Lucene.Tests.csproj", "{304A3D36-3666-4665-B74B-D2DFA0662895}"
EndProject
Project("{FAE04EC0-301F-11D3-BF4B-00C04F79EFBC}") = "Mostlylucid.DocSummarizer.FullText.Sqlite.Tests", "src\Mostlylucid.DocSummarizer.FullText.Sqlite.Tests\Mostlylucid.DocSummarizer.FullText.Sqlite.Tests.csproj", "{1F0D3AEC-77A5-41B5-A85A-319D3C21E3E2}"
EndProject
Project("{FAE04EC0-301F-11D3-BF4B-00C04F79EFBC}") = "Mostlylucid.DocSummarizer.Rdbms.Sqlite.Tests", "src\Mostlylucid.DocSummarizer.Rdbms.Sqlite.Tests\Mostlylucid.DocSummarizer.Rdbms.Sqlite.Tests.csproj", "{4DC40328-61CB-4D1A-BED7-E413152CFB95}"
EndProject
Global
	GlobalSection(SolutionConfigurationPlatforms) = preSolution
		Debug|Any CPU = Debug|Any CPU
		Debug|x64 = Debug|x64
		Debug|x86 = Debug|x86
		Release|Any CPU = Release|Any CPU
		Release|x64 = Release|x64
		Release|x86 = Release|x86
	EndGlobalSection
	GlobalSection(ProjectConfigurationPlatforms) = postSolution
		{0A84708D-0608-41F0-9904-2E6320B94D77}.Debug|Any CPU.ActiveCfg = Debug|Any CPU
		{0A84708D-0608-41F0-9904-2E6320B94D77}.Debug|Any CPU.Build.0 = Debug|Any CPU
		{0A84708D-0608-41F0-9904-2E6320B94D77}.Debug|x64.ActiveCfg = Debug|Any CPU
		{0A84708D-0608-41F0-9904-2E6320B94D77}.Debug|x64.Build.0 = Debug|Any CPU
		{0A84708D-0608-41F0-9904-2E6320B94D77}.Debug|x86.ActiveCfg = Debug|Any CPU
		{0A84708D-0608-41F0-9904-2E6320B94D77}.Debug|x86.Build.0 = Debug|Any CPU
		{0A84708D-0608-41F0-9904-2E6320B94D77}.Release|Any CPU.ActiveCfg = Release|Any CPU
		{0A84708D-0608-41F0-9904-2E6320B94D77}.Release|Any CPU.Build.0 = Release|Any CPU
		{0A84708D-0608-41F0-9904-2E6320B94D77}.Release|x64.ActiveCfg = Release|Any CPU
		{0A84708D-0608-41F0-9904-2E6320B94D77}.Release|x64.Build.0 = Release|Any CPU
		{0A84708D-0608-41F0-9904-2E6320B94D77}.Release|x86.ActiveCfg = Release|Any CPU
		{0A84708D-0608-41F0-9904-2E6320B94D77}.Release|x86.Build.0 = Release|Any CPU
		{C5083A7E-1897-4A24-A185-B4EAD0209189}.Debug|Any CPU.ActiveCfg = Debug|Any CPU
		{C5083A7E-1897-4A24-A185-B4EAD0209189}.Debug|Any CPU.Build.0 = Debug|Any CPU
		{C5083A7E-1897-4A24-A185-B4EAD0209189}.Debug|x64.ActiveCfg = Debug|Any CPU
		{C5083A7E-1897-4A24-A185-B4EAD0209189}.Debug|x64.Build.0 = Debug|Any CPU
		{C5083A7E-1897-4A24-A185-B4EAD0209189}.Debug|x86.ActiveCfg = Debug|Any CPU
		{C5083A7E-1897-4A24-A185-B4EAD0209189}.Debug|x86.Build.0 = Debug|Any CPU
		{C5083A7E-1897-4A24-A185-B4EAD0209189}.Release|Any CPU.ActiveCfg = Release|Any CPU
		{C5083A7E-1897-4A24-A185-B4EAD0209189}.Release|Any CPU.Build.0 = Release|Any CPU
		{C5083A7E-1897-4A24-A185-B4EAD0209189}.Release|x64.ActiveCfg = Release|Any CPU
		{C5083A7E-1897-4A24-A185-B4EAD0209189}.Release|x64.Build.0 = Release|Any CPU
		{C5083A7E-1897-4A24-A185-B4EAD0209189}.Release|x86.ActiveCfg = Release|Any CPU
		{C5083A7E-1897-4A24-A185-B4EAD0209189}.Release|x86.Build.0 = Release|Any CPU
		{4BE6FE6F-E83E-48E7-986B-B19CBA1B6FF4}.Debug|Any CPU.ActiveCfg = Debug|Any CPU
		{4BE6FE6F-E83E-48E7-986B-B19CBA1B6FF4}.Debug|Any CPU.Build.0 = Debug|Any CPU
		{4BE6FE6F-E83E-48E7-986B-B19CBA1B6FF4}.Debug|x64.ActiveCfg = Debug|Any CPU
		{4BE6FE6F-E83E-48E7-986B-B19CBA1B6FF4}.Debug|x64.Build.0 = Debug|Any CPU
		{4BE6FE6F-E83E-48E7-986B-B19CBA1B6FF4}.Debug|x86.ActiveCfg = Debug|Any CPU
		{4BE6FE6F-E83E-48E7-986B-B19CBA1B6FF4}.Debug|x86.Build.0 = Debug|Any CPU
		{4BE6FE6F-E83E-48E7-986B-B19CBA1B6FF4}.Release|Any CPU.ActiveCfg = Release|Any CPU
		{4BE6FE6F-E83E-48E7-986B-B19CBA1B6FF4}.Release|Any CPU.Build.0 = Release|Any CPU
		{4BE6FE6F-E83E-48E7-986B-B19CBA1B6FF4}.Release|x64.ActiveCfg = Release|Any CPU
		{4BE6FE6F-E83E-48E7-986B-B19CBA1B6FF4}.Release|x64.Build.0 = Release|Any CPU
		{4BE6FE6F-E83E-48E7-986B-B19CBA1B6FF4}.Release|x86.ActiveCfg = Release|Any CPU
		{4BE6FE6F-E83E-48E7-986B-B19CBA1B6FF4}.Release|x86.Build.0 = Release|Any CPU
		{AB405739-E833-48A4-A68F-5AC73535A198}.Debug|Any CPU.ActiveCfg = Debug|Any CPU
		{AB405739-E833-48A4-A68F-5AC73535A198}.Debug|Any CPU.Build.0 = Debug|Any CPU
		{AB405739-E833-48A4-A68F-5AC73535A198}.Debug|x64.ActiveCfg = Debug|Any CPU
		{AB405739-E833-48A4-A68F-5AC73535A198}.Debug|x64.Build.0 = Debug|Any CPU
		{AB405739-E833-48A4-A68F-5AC73535A198}.Debug|x86.ActiveCfg = Debug|Any CPU
		{AB405739-E833-48A4-A68F-5AC73535A198}.Debug|x86.Build.0 = Debug|Any CPU
		{AB405739-E833-48A4-A68F-5AC73535A198}.Release|Any CPU.ActiveCfg = Release|Any CPU
		{AB405739-E833-48A4-A68F-5AC73535A198}.Release|Any CPU.Build.0 = Release|Any CPU
		{AB405739-E833-48A4-A68F-5AC73535A198}.Release|x64.ActiveCfg = Release|Any CPU
		{AB405739-E833-48A4-A68F-5AC73535A198}.Release|x64.Build.0 = Release|Any CPU
		{AB405739-E833-48A4-A68F-5AC73535A198}.Release|x86.ActiveCfg = Release|Any CPU
		{AB405739-E833-48A4-A68F-5AC73535A198}.Release|x86.Build.0 = Release|Any CPU
		{3006DE90-7B2D-4BAD-B409-386F62764689}.Debug|Any CPU.ActiveCfg = Debug|Any CPU
		{3006DE90-7B2D-4BAD-B409-386F62764689}.Debug|Any CPU.Build.0 = Debug|Any CPU
		{3006DE90-7B2D-4BAD-B409-386F62764689}.Debug|x64.ActiveCfg = Debug|Any CPU
		{3006DE90-7B2D-4BAD-B409-386F62764689}.Debug|x64.Build.0 = Debug|Any CPU
		{3006DE90-7B2D-4BAD-B409-386F62764689}.Debug|x86.ActiveCfg = Debug|Any CPU
		{3006DE90-7B2D-4BAD-B409-386F62764689}.Debug|x86.Build.0 = Debug|Any CPU
		{3006DE90-7B2D-4BAD-B409-386F62764689}.Release|Any CPU.ActiveCfg = Release|Any CPU
		{3006DE90-7B2D-4BAD-B409-386F62764689}.Release|Any CPU.Build.0 = Release|Any CPU
		{3006DE90-7B2D-4BAD-B409-386F62764689}.Release|x64.ActiveCfg = Release|Any CPU
		{3006DE90-7B2D-4BAD-B409-386F62764689}.Release|x64.Build.0 = Release|Any CPU
		{3006DE90-7B2D-4BAD-B409-386F62764689}.Release|x86.ActiveCfg = Release|Any CPU
		{3006DE90-7B2D-4BAD-B409-386F62764689}.Release|x86.Build.0 = Release|Any CPU
		{6C8B0CE4-DE64-4CAD-8315-97ED726DF390}.Debug|Any CPU.ActiveCfg = Debug|Any CPU
		{6C8B0CE4-DE64-4CAD-8315-97ED726DF390}.Debug|Any CPU.Build.0 = Debug|Any CPU
		{6C8B0CE4-DE64-4CAD-8315-97ED726DF390}.Debug|x64.ActiveCfg = Debug|Any CPU
		{6C8B0CE4-DE64-4CAD-8315-97ED726DF390}.Debug|x64.Build.0 = Debug|Any CPU
		{6C8B0CE4-DE64-4CAD-8315-97ED726DF390}.Debug|x86.ActiveCfg = Debug|Any CPU
		{6C8B0CE4-DE64-4CAD-8315-97ED726DF390}.Debug|x86.Build.0 = Debug|Any CPU
		{6C8B0CE4-DE64-4CAD-8315-97ED726DF390}.Release|Any CPU.ActiveCfg = Release|Any CPU
		{6C8B0CE4-DE64-4CAD-8315-97ED726DF390}.Release|Any CPU.Build.0 = Release|Any CPU
		{6C8B0CE4-DE64-4CAD-8315-97ED726DF390}.Release|x64.ActiveCfg = Release|Any CPU
		{6C8B0CE4-DE64-4CAD-8315-97ED726DF390}.Release|x64.Build.0 = Release|Any CPU
		{6C8B0CE4-DE64-4CAD-8315-97ED726DF390}.Release|x86.ActiveCfg = Release|Any CPU
		{6C8B0CE4-DE64-4CAD-8315-97ED726DF390}.Release|x86.Build.0 = Release|Any CPU
		{1499AB32-A308-41A9-8C51-1A34622A1C9D}.Debug|Any CPU.ActiveCfg = Debug|Any CPU
		{1499AB32-A308-41A9-8C51-1A34622A1C9D}.Debug|Any CPU.Build.0 = Debug|Any CPU
		{1499AB32-A308-41A9-8C51-1A34622A1C9D}.Debug|x64.ActiveCfg = Debug|Any CPU
		{1499AB32-A308-41A9-8C51-1A34622A1C9D}.Debug|x64.Build.0 = Debug|Any CPU
		{1499AB32-A308-41A9-8C51-1A34622A1C9D}.Debug|x86.ActiveCfg = Debug|Any CPU
		{1499AB32-A308-41A9-8C51-1A34622A1C9D}.Debug|x86.Build.0 = Debug|Any CPU
		{1499AB32-A308-41A9-8C51-1A34622A1C9D}.Release|Any CPU.ActiveCfg = Release|Any CPU
		{1499AB32-A308-41A9-8C51-1A34622A1C9D}.Release|Any CPU.Build.0 = Release|Any CPU
		{1499AB32-A308-41A9-8C51-1A34622A1C9D}.Release|x64.ActiveCfg = Release|Any CPU
		{1499AB32-A308-41A9-8C51-1A34622A1C9D}.Release|x64.Build.0 = Release|Any CPU
		{1499AB32-A308-41A9-8C51-1A34622A1C9D}.Release|x86.ActiveCfg = Release|Any CPU
		{1499AB32-A308-41A9-8C51-1A34622A1C9D}.Release|x86.Build.0 = Release|Any CPU
		{3098C621-3018-418A-9339-EE9A62682F36}.Debug|Any CPU.ActiveCfg = Debug|Any CPU
		{3098C621-3018-418A-9339-EE9A62682F36}.Debug|Any CPU.Build.0 = Debug|Any CPU
		{3098C621-3018-418A-9339-EE9A62682F36}.Debug|x64.ActiveCfg = Debug|Any CPU
		{3098C621-3018-418A-9339-EE9A62682F36}.Debug|x64.Build.0 = Debug|Any CPU
		{3098C621-3018-418A-9339-EE9A62682F36}.Debug|x86.ActiveCfg = Debug|Any CPU
		{3098C621-3018-418A-9339-EE9A62682F36}.Debug|x86.Build.0 = Debug|Any CPU
		{3098C621-3018-418A-9339-EE9A62682F36}.Release|Any CPU.ActiveCfg = Release|Any CPU
		{3098C621-3018-418A-9339-EE9A62682F36}.Release|Any CPU.Build.0 = Release|Any CPU
		{3098C621-3018-418A-9339-EE9A62682F36}.Release|x64.ActiveCfg = Release|Any CPU
		{3098C621-3018-418A-9339-EE9A62682F36}.Release|x64.Build.0 = Release|Any CPU
		{3098C621-3018-418A-9339-EE9A62682F36}.Release|x86.ActiveCfg = Release|Any CPU
		{3098C621-3018-418A-9339-EE9A62682F36}.Release|x86.Build.0 = Release|Any CPU
		{61164F74-505D-4E60-88B6-15E4FC53B402}.Debug|Any CPU.ActiveCfg = Debug|Any CPU
		{61164F74-505D-4E60-88B6-15E4FC53B402}.Debug|Any CPU.Build.0 = Debug|Any CPU
		{61164F74-505D-4E60-88B6-15E4FC53B402}.Debug|x64.ActiveCfg = Debug|Any CPU
		{61164F74-505D-4E60-88B6-15E4FC53B402}.Debug|x64.Build.0 = Debug|Any CPU
		{61164F74-505D-4E60-88B6-15E4FC53B402}.Debug|x86.ActiveCfg = Debug|Any CPU
		{61164F74-505D-4E60-88B6-15E4FC53B402}.Debug|x86.Build.0 = Debug|Any CPU
		{61164F74-505D-4E60-88B6-15E4FC53B402}.Release|Any CPU.ActiveCfg = Release|Any CPU
		{61164F74-505D-4E60-88B6-15E4FC53B402}.Release|Any CPU.Build.0 = Release|Any CPU
		{61164F74-505D-4E60-88B6-15E4FC53B402}.Release|x64.ActiveCfg = Release|Any CPU
		{61164F74-505D-4E60-88B6-15E4FC53B402}.Release|x64.Build.0 = Release|Any CPU
		{61164F74-505D-4E60-88B6-15E4FC53B402}.Release|x86.ActiveCfg = Release|Any CPU
		{61164F74-505D-4E60-88B6-15E4FC53B402}.Release|x86.Build.0 = Release|Any CPU
		{DCC194A6-F28B-4B6D-A734-92ED0D303CE0}.Debug|Any CPU.ActiveCfg = Debug|Any CPU
		{DCC194A6-F28B-4B6D-A734-92ED0D303CE0}.Debug|Any CPU.Build.0 = Debug|Any CPU
		{DCC194A6-F28B-4B6D-A734-92ED0D303CE0}.Debug|x64.ActiveCfg = Debug|Any CPU
		{DCC194A6-F28B-4B6D-A734-92ED0D303CE0}.Debug|x64.Build.0 = Debug|Any CPU
		{DCC194A6-F28B-4B6D-A734-92ED0D303CE0}.Debug|x86.ActiveCfg = Debug|Any CPU
		{DCC194A6-F28B-4B6D-A734-92ED0D303CE0}.Debug|x86.Build.0 = Debug|Any CPU
		{DCC194A6-F28B-4B6D-A734-92ED0D303CE0}.Release|Any CPU.ActiveCfg = Release|Any CPU
		{DCC194A6-F28B-4B6D-A734-92ED0D303CE0}.Release|Any CPU.Build.0 = Release|Any CPU
		{DCC194A6-F28B-4B6D-A734-92ED0D303CE0}.Release|x64.ActiveCfg = Release|Any CPU
		{DCC194A6-F28B-4B6D-A734-92ED0D303CE0}.Release|x64.Build.0 = Release|Any CPU
		{DCC194A6-F28B-4B6D-A734-92ED0D303CE0}.Release|x86.ActiveCfg = Release|Any CPU
		{DCC194A6-F28B-4B6D-A734-92ED0D303CE0}.Release|x86.Build.0 = Release|Any CPU
		{AD8FDFAA-D638-4499-82F9-97BD22A9EDD6}.Debug|Any CPU.ActiveCfg = Debug|Any CPU
		{AD8FDFAA-D638-4499-82F9-97BD22A9EDD6}.Debug|Any CPU.Build.0 = Debug|Any CPU
		{AD8FDFAA-D638-4499-82F9-97BD22A9EDD6}.Debug|x64.ActiveCfg = Debug|Any CPU
		{AD8FDFAA-D638-4499-82F9-97BD22A9EDD6}.Debug|x64.Build.0 = Debug|Any CPU
		{AD8FDFAA-D638-4499-82F9-97BD22A9EDD6}.Debug|x86.ActiveCfg = Debug|Any CPU
		{AD8FDFAA-D638-4499-82F9-97BD22A9EDD6}.Debug|x86.Build.0 = Debug|Any CPU
		{AD8FDFAA-D638-4499-82F9-97BD22A9EDD6}.Release|Any CPU.ActiveCfg = Release|Any CPU
		{AD8FDFAA-D638-4499-82F9-97BD22A9EDD6}.Release|Any CPU.Build.0 = Release|Any CPU
		{AD8FDFAA-D638-4499-82F9-97BD22A9EDD6}.Release|x64.ActiveCfg = Release|Any CPU
		{AD8FDFAA-D638-4499-82F9-97BD22A9EDD6}.Release|x64.Build.0 = Release|Any CPU
		{AD8FDFAA-D638-4499-82F9-97BD22A9EDD6}.Release|x86.ActiveCfg = Release|Any CPU
		{AD8FDFAA-D638-4499-82F9-97BD22A9EDD6}.Release|x86.Build.0 = Release|Any CPU
		{2C99C757-892C-4222-8B14-68353CFD6D02}.Debug|Any CPU.ActiveCfg = Debug|Any CPU
		{2C99C757-892C-4222-8B14-68353CFD6D02}.Debug|Any CPU.Build.0 = Debug|Any CPU
		{2C99C757-892C-4222-8B14-68353CFD6D02}.Debug|x64.ActiveCfg = Debug|Any CPU
		{2C99C757-892C-4222-8B14-68353CFD6D02}.Debug|x64.Build.0 = Debug|Any CPU
		{2C99C757-892C-4222-8B14-68353CFD6D02}.Debug|x86.ActiveCfg = Debug|Any CPU
		{2C99C757-892C-4222-8B14-68353CFD6D02}.Debug|x86.Build.0 = Debug|Any CPU
		{2C99C757-892C-4222-8B14-68353CFD6D02}.Release|Any CPU.ActiveCfg = Release|Any CPU
		{2C99C757-892C-4222-8B14-68353CFD6D02}.Release|Any CPU.Build.0 = Release|Any CPU
		{2C99C757-892C-4222-8B14-68353CFD6D02}.Release|x64.ActiveCfg = Release|Any CPU
		{2C99C757-892C-4222-8B14-68353CFD6D02}.Release|x64.Build.0 = Release|Any CPU
		{2C99C757-892C-4222-8B14-68353CFD6D02}.Release|x86.ActiveCfg = Release|Any CPU
		{2C99C757-892C-4222-8B14-68353CFD6D02}.Release|x86.Build.0 = Release|Any CPU
		{C341C48F-77F4-42BE-9E73-03EC7D6711E3}.Debug|Any CPU.ActiveCfg = Debug|Any CPU
		{C341C48F-77F4-42BE-9E73-03EC7D6711E3}.Debug|Any CPU.Build.0 = Debug|Any CPU
		{C341C48F-77F4-42BE-9E73-03EC7D6711E3}.Debug|x64.ActiveCfg = Debug|Any CPU
		{C341C48F-77F4-42BE-9E73-03EC7D6711E3}.Debug|x64.Build.0 = Debug|Any CPU
		{C341C48F-77F4-42BE-9E73-03EC7D6711E3}.Debug|x86.ActiveCfg = Debug|Any CPU
		{C341C48F-77F4-42BE-9E73-03EC7D6711E3}.Debug|x86.Build.0 = Debug|Any CPU
		{C341C48F-77F4-42BE-9E73-03EC7D6711E3}.Release|Any CPU.ActiveCfg = Release|Any CPU
		{C341C48F-77F4-42BE-9E73-03EC7D6711E3}.Release|Any CPU.Build.0 = Release|Any CPU
		{C341C48F-77F4-42BE-9E73-03EC7D6711E3}.Release|x64.ActiveCfg = Release|Any CPU
		{C341C48F-77F4-42BE-9E73-03EC7D6711E3}.Release|x64.Build.0 = Release|Any CPU
		{C341C48F-77F4-42BE-9E73-03EC7D6711E3}.Release|x86.ActiveCfg = Release|Any CPU
		{C341C48F-77F4-42BE-9E73-03EC7D6711E3}.Release|x86.Build.0 = Release|Any CPU
		{D2643013-4230-4723-B74A-725D9ADEC9E7}.Debug|Any CPU.ActiveCfg = Debug|Any CPU
		{D2643013-4230-4723-B74A-725D9ADEC9E7}.Debug|Any CPU.Build.0 = Debug|Any CPU
		{D2643013-4230-4723-B74A-725D9ADEC9E7}.Debug|x64.ActiveCfg = Debug|Any CPU
		{D2643013-4230-4723-B74A-725D9ADEC9E7}.Debug|x64.Build.0 = Debug|Any CPU
		{D2643013-4230-4723-B74A-725D9ADEC9E7}.Debug|x86.ActiveCfg = Debug|Any CPU
		{D2643013-4230-4723-B74A-725D9ADEC9E7}.Debug|x86.Build.0 = Debug|Any CPU
		{D2643013-4230-4723-B74A-725D9ADEC9E7}.Release|Any CPU.ActiveCfg = Release|Any CPU
		{D2643013-4230-4723-B74A-725D9ADEC9E7}.Release|Any CPU.Build.0 = Release|Any CPU
		{D2643013-4230-4723-B74A-725D9ADEC9E7}.Release|x64.ActiveCfg = Release|Any CPU
		{D2643013-4230-4723-B74A-725D9ADEC9E7}.Release|x64.Build.0 = Release|Any CPU
		{D2643013-4230-4723-B74A-725D9ADEC9E7}.Release|x86.ActiveCfg = Release|Any CPU
		{D2643013-4230-4723-B74A-725D9ADEC9E7}.Release|x86.Build.0 = Release|Any CPU
		{B02790C8-C9C1-4B1E-9520-567BA01813FA}.Debug|Any CPU.ActiveCfg = Debug|Any CPU
		{B02790C8-C9C1-4B1E-9520-567BA01813FA}.Debug|Any CPU.Build.0 = Debug|Any CPU
		{B02790C8-C9C1-4B1E-9520-567BA01813FA}.Debug|x64.ActiveCfg = Debug|Any CPU
		{B02790C8-C9C1-4B1E-9520-567BA01813FA}.Debug|x64.Build.0 = Debug|Any CPU
		{B02790C8-C9C1-4B1E-9520-567BA01813FA}.Debug|x86.ActiveCfg = Debug|Any CPU
		{B02790C8-C9C1-4B1E-9520-567BA01813FA}.Debug|x86.Build.0 = Debug|Any CPU
		{B02790C8-C9C1-4B1E-9520-567BA01813FA}.Release|Any CPU.ActiveCfg = Release|Any CPU
		{B02790C8-C9C1-4B1E-9520-567BA01813FA}.Release|Any CPU.Build.0 = Release|Any CPU
		{B02790C8-C9C1-4B1E-9520-567BA01813FA}.Release|x64.ActiveCfg = Release|Any CPU
		{B02790C8-C9C1-4B1E-9520-567BA01813FA}.Release|x64.Build.0 = Release|Any CPU
		{B02790C8-C9C1-4B1E-9520-567BA01813FA}.Release|x86.ActiveCfg = Release|Any CPU
		{B02790C8-C9C1-4B1E-9520-567BA01813FA}.Release|x86.Build.0 = Release|Any CPU
		{D0BE466E-4CE3-454A-A5B7-DE93C7933118}.Debug|Any CPU.ActiveCfg = Debug|Any CPU
		{D0BE466E-4CE3-454A-A5B7-DE93C7933118}.Debug|Any CPU.Build.0 = Debug|Any CPU
		{D0BE466E-4CE3-454A-A5B7-DE93C7933118}.Debug|x64.ActiveCfg = Debug|Any CPU
		{D0BE466E-4CE3-454A-A5B7-DE93C7933118}.Debug|x64.Build.0 = Debug|Any CPU
		{D0BE466E-4CE3-454A-A5B7-DE93C7933118}.Debug|x86.ActiveCfg = Debug|Any CPU
		{D0BE466E-4CE3-454A-A5B7-DE93C7933118}.Debug|x86.Build.0 = Debug|Any CPU
		{D0BE466E-4CE3-454A-A5B7-DE93C7933118}.Release|Any CPU.ActiveCfg = Release|Any CPU
		{D0BE466E-4CE3-454A-A5B7-DE93C7933118}.Release|Any CPU.Build.0 = Release|Any CPU
		{D0BE466E-4CE3-454A-A5B7-DE93C7933118}.Release|x64.ActiveCfg = Release|Any CPU
		{D0BE466E-4CE3-454A-A5B7-DE93C7933118}.Release|x64.Build.0 = Release|Any CPU
		{D0BE466E-4CE3-454A-A5B7-DE93C7933118}.Release|x86.ActiveCfg = Release|Any CPU
		{D0BE466E-4CE3-454A-A5B7-DE93C7933118}.Release|x86.Build.0 = Release|Any CPU
		{B677A6EE-F5F1-4BF7-90AC-9613484A0087}.Debug|Any CPU.ActiveCfg = Debug|Any CPU
		{B677A6EE-F5F1-4BF7-90AC-9613484A0087}.Debug|Any CPU.Build.0 = Debug|Any CPU
		{B677A6EE-F5F1-4BF7-90AC-9613484A0087}.Debug|x64.ActiveCfg = Debug|Any CPU
		{B677A6EE-F5F1-4BF7-90AC-9613484A0087}.Debug|x64.Build.0 = Debug|Any CPU
		{B677A6EE-F5F1-4BF7-90AC-9613484A0087}.Debug|x86.ActiveCfg = Debug|Any CPU
		{B677A6EE-F5F1-4BF7-90AC-9613484A0087}.Debug|x86.Build.0 = Debug|Any CPU
		{B677A6EE-F5F1-4BF7-90AC-9613484A0087}.Release|Any CPU.ActiveCfg = Release|Any CPU
		{B677A6EE-F5F1-4BF7-90AC-9613484A0087}.Release|Any CPU.Build.0 = Release|Any CPU
		{B677A6EE-F5F1-4BF7-90AC-9613484A0087}.Release|x64.ActiveCfg = Release|Any CPU
		{B677A6EE-F5F1-4BF7-90AC-9613484A0087}.Release|x64.Build.0 = Release|Any CPU
		{B677A6EE-F5F1-4BF7-90AC-9613484A0087}.Release|x86.ActiveCfg = Release|Any CPU
		{B677A6EE-F5F1-4BF7-90AC-9613484A0087}.Release|x86.Build.0 = Release|Any CPU
		{C5E1D9A8-3F42-4A1E-9B7D-2E8F66C3DD77}.Debug|Any CPU.ActiveCfg = Debug|Any CPU
		{C5E1D9A8-3F42-4A1E-9B7D-2E8F66C3DD77}.Debug|Any CPU.Build.0 = Debug|Any CPU
		{C5E1D9A8-3F42-4A1E-9B7D-2E8F66C3DD77}.Debug|x64.ActiveCfg = Debug|Any CPU
		{C5E1D9A8-3F42-4A1E-9B7D-2E8F66C3DD77}.Debug|x64.Build.0 = Debug|Any CPU
		{C5E1D9A8-3F42-4A1E-9B7D-2E8F66C3DD77}.Debug|x86.ActiveCfg = Debug|Any CPU
		{C5E1D9A8-3F42-4A1E-9B7D-2E8F66C3DD77}.Debug|x86.Build.0 = Debug|Any CPU
		{C5E1D9A8-3F42-4A1E-9B7D-2E8F66C3DD77}.Release|Any CPU.ActiveCfg = Release|Any CPU
		{C5E1D9A8-3F42-4A1E-9B7D-2E8F66C3DD77}.Release|Any CPU.Build.0 = Release|Any CPU
		{C5E1D9A8-3F42-4A1E-9B7D-2E8F66C3DD77}.Release|x64.ActiveCfg = Release|Any CPU
		{C5E1D9A8-3F42-4A1E-9B7D-2E8F66C3DD77}.Release|x64.Build.0 = Release|Any CPU
		{C5E1D9A8-3F42-4A1E-9B7D-2E8F66C3DD77}.Release|x86.ActiveCfg = Release|Any CPU
		{C5E1D9A8-3F42-4A1E-9B7D-2E8F66C3DD77}.Release|x86.Build.0 = Release|Any CPU
		{8DFC1096-2448-4B1E-9F8A-1E6F55A2BB66}.Debug|Any CPU.ActiveCfg = Debug|Any CPU
		{8DFC1096-2448-4B1E-9F8A-1E6F55A2BB66}.Debug|Any CPU.Build.0 = Debug|Any CPU
		{8DFC1096-2448-4B1E-9F8A-1E6F55A2BB66}.Debug|x64.ActiveCfg = Debug|Any CPU
		{8DFC1096-2448-4B1E-9F8A-1E6F55A2BB66}.Debug|x64.Build.0 = Debug|Any CPU
		{8DFC1096-2448-4B1E-9F8A-1E6F55A2BB66}.Debug|x86.ActiveCfg = Debug|Any CPU
		{8DFC1096-2448-4B1E-9F8A-1E6F55A2BB66}.Debug|x86.Build.0 = Debug|Any CPU
		{8DFC1096-2448-4B1E-9F8A-1E6F55A2BB66}.Release|Any CPU.ActiveCfg = Release|Any CPU
		{8DFC1096-2448-4B1E-9F8A-1E6F55A2BB66}.Release|Any CPU.Build.0 = Release|Any CPU
		{8DFC1096-2448-4B1E-9F8A-1E6F55A2BB66}.Release|x64.ActiveCfg = Release|Any CPU
		{8DFC1096-2448-4B1E-9F8A-1E6F55A2BB66}.Release|x64.Build.0 = Release|Any CPU
		{8DFC1096-2448-4B1E-9F8A-1E6F55A2BB66}.Release|x86.ActiveCfg = Release|Any CPU
		{8DFC1096-2448-4B1E-9F8A-1E6F55A2BB66}.Release|x86.Build.0 = Release|Any CPU
		{491D9C65-8450-46AA-A225-F29248ED5CFA}.Debug|Any CPU.ActiveCfg = Debug|Any CPU
		{491D9C65-8450-46AA-A225-F29248ED5CFA}.Debug|Any CPU.Build.0 = Debug|Any CPU
		{491D9C65-8450-46AA-A225-F29248ED5CFA}.Debug|x64.ActiveCfg = Debug|Any CPU
		{491D9C65-8450-46AA-A225-F29248ED5CFA}.Debug|x64.Build.0 = Debug|Any CPU
		{491D9C65-8450-46AA-A225-F29248ED5CFA}.Debug|x86.ActiveCfg = Debug|Any CPU
		{491D9C65-8450-46AA-A225-F29248ED5CFA}.Debug|x86.Build.0 = Debug|Any CPU
		{491D9C65-8450-46AA-A225-F29248ED5CFA}.Release|Any CPU.ActiveCfg = Release|Any CPU
		{491D9C65-8450-46AA-A225-F29248ED5CFA}.Release|Any CPU.Build.0 = Release|Any CPU
		{491D9C65-8450-46AA-A225-F29248ED5CFA}.Release|x64.ActiveCfg = Release|Any CPU
		{491D9C65-8450-46AA-A225-F29248ED5CFA}.Release|x64.Build.0 = Release|Any CPU
		{491D9C65-8450-46AA-A225-F29248ED5CFA}.Release|x86.ActiveCfg = Release|Any CPU
		{491D9C65-8450-46AA-A225-F29248ED5CFA}.Release|x86.Build.0 = Release|Any CPU
		{6E404BB0-97E4-4B0A-88F2-4BC58EE22022}.Debug|Any CPU.ActiveCfg = Debug|Any CPU
		{6E404BB0-97E4-4B0A-88F2-4BC58EE22022}.Debug|Any CPU.Build.0 = Debug|Any CPU
		{6E404BB0-97E4-4B0A-88F2-4BC58EE22022}.Debug|x64.ActiveCfg = Debug|Any CPU
		{6E404BB0-97E4-4B0A-88F2-4BC58EE22022}.Debug|x64.Build.0 = Debug|Any CPU
		{6E404BB0-97E4-4B0A-88F2-4BC58EE22022}.Debug|x86.ActiveCfg = Debug|Any CPU
		{6E404BB0-97E4-4B0A-88F2-4BC58EE22022}.Debug|x86.Build.0 = Debug|Any CPU
		{6E404BB0-97E4-4B0A-88F2-4BC58EE22022}.Release|Any CPU.ActiveCfg = Release|Any CPU
		{6E404BB0-97E4-4B0A-88F2-4BC58EE22022}.Release|Any CPU.Build.0 = Release|Any CPU
		{6E404BB0-97E4-4B0A-88F2-4BC58EE22022}.Release|x64.ActiveCfg = Release|Any CPU
		{6E404BB0-97E4-4B0A-88F2-4BC58EE22022}.Release|x64.Build.0 = Release|Any CPU
		{6E404BB0-97E4-4B0A-88F2-4BC58EE22022}.Release|x86.ActiveCfg = Release|Any CPU
		{6E404BB0-97E4-4B0A-88F2-4BC58EE22022}.Release|x86.Build.0 = Release|Any CPU
		{827EAA89-EA5A-484B-82BF-D5A95D26C90B}.Debug|Any CPU.ActiveCfg = Debug|Any CPU
		{827EAA89-EA5A-484B-82BF-D5A95D26C90B}.Debug|Any CPU.Build.0 = Debug|Any CPU
		{827EAA89-EA5A-484B-82BF-D5A95D26C90B}.Debug|x64.ActiveCfg = Debug|Any CPU
		{827EAA89-EA5A-484B-82BF-D5A95D26C90B}.Debug|x64.Build.0 = Debug|Any CPU
		{827EAA89-EA5A-484B-82BF-D5A95D26C90B}.Debug|x86.ActiveCfg = Debug|Any CPU
		{827EAA89-EA5A-484B-82BF-D5A95D26C90B}.Debug|x86.Build.0 = Debug|Any CPU
		{827EAA89-EA5A-484B-82BF-D5A95D26C90B}.Release|Any CPU.ActiveCfg = Release|Any CPU
		{827EAA89-EA5A-484B-82BF-D5A95D26C90B}.Release|Any CPU.Build.0 = Release|Any CPU
		{827EAA89-EA5A-484B-82BF-D5A95D26C90B}.Release|x64.ActiveCfg = Release|Any CPU
		{827EAA89-EA5A-484B-82BF-D5A95D26C90B}.Release|x64.Build.0 = Release|Any CPU
		{827EAA89-EA5A-484B-82BF-D5A95D26C90B}.Release|x86.ActiveCfg = Release|Any CPU
		{827EAA89-EA5A-484B-82BF-D5A95D26C90B}.Release|x86.Build.0 = Release|Any CPU
		{A4F0C110-7A4A-4CE6-89B8-D9F534CE5BCA}.Debug|Any CPU.ActiveCfg = Debug|Any CPU
		{A4F0C110-7A4A-4CE6-89B8-D9F534CE5BCA}.Debug|Any CPU.Build.0 = Debug|Any CPU
		{A4F0C110-7A4A-4CE6-89B8-D9F534CE5BCA}.Debug|x64.ActiveCfg = Debug|Any CPU
		{A4F0C110-7A4A-4CE6-89B8-D9F534CE5BCA}.Debug|x64.Build.0 = Debug|Any CPU
		{A4F0C110-7A4A-4CE6-89B8-D9F534CE5BCA}.Debug|x86.ActiveCfg = Debug|Any CPU
		{A4F0C110-7A4A-4CE6-89B8-D9F534CE5BCA}.Debug|x86.Build.0 = Debug|Any CPU
		{A4F0C110-7A4A-4CE6-89B8-D9F534CE5BCA}.Release|Any CPU.ActiveCfg = Release|Any CPU
		{A4F0C110-7A4A-4CE6-89B8-D9F534CE5BCA}.Release|Any CPU.Build.0 = Release|Any CPU
		{A4F0C110-7A4A-4CE6-89B8-D9F534CE5BCA}.Release|x64.ActiveCfg = Release|Any CPU
		{A4F0C110-7A4A-4CE6-89B8-D9F534CE5BCA}.Release|x64.Build.0 = Release|Any CPU
		{A4F0C110-7A4A-4CE6-89B8-D9F534CE5BCA}.Release|x86.ActiveCfg = Release|Any CPU
		{A4F0C110-7A4A-4CE6-89B8-D9F534CE5BCA}.Release|x86.Build.0 = Release|Any CPU
		{7A0596C5-49FF-4E7E-949A-D65C34BEFB93}.Debug|Any CPU.ActiveCfg = Debug|Any CPU
		{7A0596C5-49FF-4E7E-949A-D65C34BEFB93}.Debug|Any CPU.Build.0 = Debug|Any CPU
		{7A0596C5-49FF-4E7E-949A-D65C34BEFB93}.Debug|x64.ActiveCfg = Debug|Any CPU
		{7A0596C5-49FF-4E7E-949A-D65C34BEFB93}.Debug|x64.Build.0 = Debug|Any CPU
		{7A0596C5-49FF-4E7E-949A-D65C34BEFB93}.Debug|x86.ActiveCfg = Debug|Any CPU
		{7A0596C5-49FF-4E7E-949A-D65C34BEFB93}.Debug|x86.Build.0 = Debug|Any CPU
		{7A0596C5-49FF-4E7E-949A-D65C34BEFB93}.Release|Any CPU.ActiveCfg = Release|Any CPU
		{7A0596C5-49FF-4E7E-949A-D65C34BEFB93}.Release|Any CPU.Build.0 = Release|Any CPU
		{7A0596C5-49FF-4E7E-949A-D65C34BEFB93}.Release|x64.ActiveCfg = Release|Any CPU
		{7A0596C5-49FF-4E7E-949A-D65C34BEFB93}.Release|x64.Build.0 = Release|Any CPU
		{7A0596C5-49FF-4E7E-949A-D65C34BEFB93}.Release|x86.ActiveCfg = Release|Any CPU
		{7A0596C5-49FF-4E7E-949A-D65C34BEFB93}.Release|x86.Build.0 = Release|Any CPU
		{8B1734C4-777B-4604-9071-615A81A96B94}.Debug|Any CPU.ActiveCfg = Debug|Any CPU
		{8B1734C4-777B-4604-9071-615A81A96B94}.Debug|Any CPU.Build.0 = Debug|Any CPU
		{8B1734C4-777B-4604-9071-615A81A96B94}.Debug|x64.ActiveCfg = Debug|Any CPU
		{8B1734C4-777B-4604-9071-615A81A96B94}.Debug|x64.Build.0 = Debug|Any CPU
		{8B1734C4-777B-4604-9071-615A81A96B94}.Debug|x86.ActiveCfg = Debug|Any CPU
		{8B1734C4-777B-4604-9071-615A81A96B94}.Debug|x86.Build.0 = Debug|Any CPU
		{8B1734C4-777B-4604-9071-615A81A96B94}.Release|Any CPU.ActiveCfg = Release|Any CPU
		{8B1734C4-777B-4604-9071-615A81A96B94}.Release|Any CPU.Build.0 = Release|Any CPU
		{8B1734C4-777B-4604-9071-615A81A96B94}.Release|x64.ActiveCfg = Release|Any CPU
		{8B1734C4-777B-4604-9071-615A81A96B94}.Release|x64.Build.0 = Release|Any CPU
		{8B1734C4-777B-4604-9071-615A81A96B94}.Release|x86.ActiveCfg = Release|Any CPU
		{8B1734C4-777B-4604-9071-615A81A96B94}.Release|x86.Build.0 = Release|Any CPU
		{B9632D54-8169-4061-BB89-6C4A4033B501}.Debug|Any CPU.ActiveCfg = Debug|Any CPU
		{B9632D54-8169-4061-BB89-6C4A4033B501}.Debug|Any CPU.Build.0 = Debug|Any CPU
		{B9632D54-8169-4061-BB89-6C4A4033B501}.Debug|x64.ActiveCfg = Debug|Any CPU
		{B9632D54-8169-4061-BB89-6C4A4033B501}.Debug|x64.Build.0 = Debug|Any CPU
		{B9632D54-8169-4061-BB89-6C4A4033B501}.Debug|x86.ActiveCfg = Debug|Any CPU
		{B9632D54-8169-4061-BB89-6C4A4033B501}.Debug|x86.Build.0 = Debug|Any CPU
		{B9632D54-8169-4061-BB89-6C4A4033B501}.Release|Any CPU.ActiveCfg = Release|Any CPU
		{B9632D54-8169-4061-BB89-6C4A4033B501}.Release|Any CPU.Build.0 = Release|Any CPU
		{B9632D54-8169-4061-BB89-6C4A4033B501}.Release|x64.ActiveCfg = Release|Any CPU
		{B9632D54-8169-4061-BB89-6C4A4033B501}.Release|x64.Build.0 = Release|Any CPU
		{B9632D54-8169-4061-BB89-6C4A4033B501}.Release|x86.ActiveCfg = Release|Any CPU
		{B9632D54-8169-4061-BB89-6C4A4033B501}.Release|x86.Build.0 = Release|Any CPU
		{A57BE809-208D-4B07-8D48-16D16C6F6FCD}.Debug|Any CPU.ActiveCfg = Debug|Any CPU
		{A57BE809-208D-4B07-8D48-16D16C6F6FCD}.Debug|Any CPU.Build.0 = Debug|Any CPU
		{A57BE809-208D-4B07-8D48-16D16C6F6FCD}.Debug|x64.ActiveCfg = Debug|Any CPU
		{A57BE809-208D-4B07-8D48-16D16C6F6FCD}.Debug|x64.Build.0 = Debug|Any CPU
		{A57BE809-208D-4B07-8D48-16D16C6F6FCD}.Debug|x86.ActiveCfg = Debug|Any CPU
		{A57BE809-208D-4B07-8D48-16D16C6F6FCD}.Debug|x86.Build.0 = Debug|Any CPU
		{A57BE809-208D-4B07-8D48-16D16C6F6FCD}.Release|Any CPU.ActiveCfg = Release|Any CPU
		{A57BE809-208D-4B07-8D48-16D16C6F6FCD}.Release|Any CPU.Build.0 = Release|Any CPU
		{A57BE809-208D-4B07-8D48-16D16C6F6FCD}.Release|x64.ActiveCfg = Release|Any CPU
		{A57BE809-208D-4B07-8D48-16D16C6F6FCD}.Release|x64.Build.0 = Release|Any CPU
		{A57BE809-208D-4B07-8D48-16D16C6F6FCD}.Release|x86.ActiveCfg = Release|Any CPU
		{A57BE809-208D-4B07-8D48-16D16C6F6FCD}.Release|x86.Build.0 = Release|Any CPU
		{926B6EEC-BAF6-489F-8929-041B45BB0236}.Debug|Any CPU.ActiveCfg = Debug|Any CPU
		{926B6EEC-BAF6-489F-8929-041B45BB0236}.Debug|Any CPU.Build.0 = Debug|Any CPU
		{926B6EEC-BAF6-489F-8929-041B45BB0236}.Debug|x64.ActiveCfg = Debug|Any CPU
		{926B6EEC-BAF6-489F-8929-041B45BB0236}.Debug|x64.Build.0 = Debug|Any CPU
		{926B6EEC-BAF6-489F-8929-041B45BB0236}.Debug|x86.ActiveCfg = Debug|Any CPU
		{926B6EEC-BAF6-489F-8929-041B45BB0236}.Debug|x86.Build.0 = Debug|Any CPU
		{926B6EEC-BAF6-489F-8929-041B45BB0236}.Release|Any CPU.ActiveCfg = Release|Any CPU
		{926B6EEC-BAF6-489F-8929-041B45BB0236}.Release|Any CPU.Build.0 = Release|Any CPU
		{926B6EEC-BAF6-489F-8929-041B45BB0236}.Release|x64.ActiveCfg = Release|Any CPU
		{926B6EEC-BAF6-489F-8929-041B45BB0236}.Release|x64.Build.0 = Release|Any CPU
		{926B6EEC-BAF6-489F-8929-041B45BB0236}.Release|x86.ActiveCfg = Release|Any CPU
		{926B6EEC-BAF6-489F-8929-041B45BB0236}.Release|x86.Build.0 = Release|Any CPU
		{579C8285-3DBC-44CC-B9FD-D60CBCCD7527}.Debug|Any CPU.ActiveCfg = Debug|Any CPU
		{579C8285-3DBC-44CC-B9FD-D60CBCCD7527}.Debug|Any CPU.Build.0 = Debug|Any CPU
		{579C8285-3DBC-44CC-B9FD-D60CBCCD7527}.Debug|x64.ActiveCfg = Debug|Any CPU
		{579C8285-3DBC-44CC-B9FD-D60CBCCD7527}.Debug|x64.Build.0 = Debug|Any CPU
		{579C8285-3DBC-44CC-B9FD-D60CBCCD7527}.Debug|x86.ActiveCfg = Debug|Any CPU
		{579C8285-3DBC-44CC-B9FD-D60CBCCD7527}.Debug|x86.Build.0 = Debug|Any CPU
		{579C8285-3DBC-44CC-B9FD-D60CBCCD7527}.Release|Any CPU.ActiveCfg = Release|Any CPU
		{579C8285-3DBC-44CC-B9FD-D60CBCCD7527}.Release|Any CPU.Build.0 = Release|Any CPU
		{579C8285-3DBC-44CC-B9FD-D60CBCCD7527}.Release|x64.ActiveCfg = Release|Any CPU
		{579C8285-3DBC-44CC-B9FD-D60CBCCD7527}.Release|x64.Build.0 = Release|Any CPU
		{579C8285-3DBC-44CC-B9FD-D60CBCCD7527}.Release|x86.ActiveCfg = Release|Any CPU
		{579C8285-3DBC-44CC-B9FD-D60CBCCD7527}.Release|x86.Build.0 = Release|Any CPU
		{88A132D4-0456-4D06-90FC-C8F1DA0D10A3}.Debug|Any CPU.ActiveCfg = Debug|Any CPU
		{88A132D4-0456-4D06-90FC-C8F1DA0D10A3}.Debug|Any CPU.Build.0 = Debug|Any CPU
		{88A132D4-0456-4D06-90FC-C8F1DA0D10A3}.Debug|x64.ActiveCfg = Debug|Any CPU
		{88A132D4-0456-4D06-90FC-C8F1DA0D10A3}.Debug|x64.Build.0 = Debug|Any CPU
		{88A132D4-0456-4D06-90FC-C8F1DA0D10A3}.Debug|x86.ActiveCfg = Debug|Any CPU
		{88A132D4-0456-4D06-90FC-C8F1DA0D10A3}.Debug|x86.Build.0 = Debug|Any CPU
		{88A132D4-0456-4D06-90FC-C8F1DA0D10A3}.Release|Any CPU.ActiveCfg = Release|Any CPU
		{88A132D4-0456-4D06-90FC-C8F1DA0D10A3}.Release|Any CPU.Build.0 = Release|Any CPU
		{88A132D4-0456-4D06-90FC-C8F1DA0D10A3}.Release|x64.ActiveCfg = Release|Any CPU
		{88A132D4-0456-4D06-90FC-C8F1DA0D10A3}.Release|x64.Build.0 = Release|Any CPU
		{88A132D4-0456-4D06-90FC-C8F1DA0D10A3}.Release|x86.ActiveCfg = Release|Any CPU
		{88A132D4-0456-4D06-90FC-C8F1DA0D10A3}.Release|x86.Build.0 = Release|Any CPU
		{A3D9763A-CE2C-4374-B9BF-DB0FAEB5EDE1}.Debug|Any CPU.ActiveCfg = Debug|Any CPU
		{A3D9763A-CE2C-4374-B9BF-DB0FAEB5EDE1}.Debug|Any CPU.Build.0 = Debug|Any CPU
		{A3D9763A-CE2C-4374-B9BF-DB0FAEB5EDE1}.Debug|x64.ActiveCfg = Debug|Any CPU
		{A3D9763A-CE2C-4374-B9BF-DB0FAEB5EDE1}.Debug|x64.Build.0 = Debug|Any CPU
		{A3D9763A-CE2C-4374-B9BF-DB0FAEB5EDE1}.Debug|x86.ActiveCfg = Debug|Any CPU
		{A3D9763A-CE2C-4374-B9BF-DB0FAEB5EDE1}.Debug|x86.Build.0 = Debug|Any CPU
		{A3D9763A-CE2C-4374-B9BF-DB0FAEB5EDE1}.Release|Any CPU.ActiveCfg = Release|Any CPU
		{A3D9763A-CE2C-4374-B9BF-DB0FAEB5EDE1}.Release|Any CPU.Build.0 = Release|Any CPU
		{A3D9763A-CE2C-4374-B9BF-DB0FAEB5EDE1}.Release|x64.ActiveCfg = Release|Any CPU
		{A3D9763A-CE2C-4374-B9BF-DB0FAEB5EDE1}.Release|x64.Build.0 = Release|Any CPU
		{A3D9763A-CE2C-4374-B9BF-DB0FAEB5EDE1}.Release|x86.ActiveCfg = Release|Any CPU
		{A3D9763A-CE2C-4374-B9BF-DB0FAEB5EDE1}.Release|x86.Build.0 = Release|Any CPU
		{F89977EA-6FEC-41FB-84A3-453D1ADD4A96}.Debug|Any CPU.ActiveCfg = Debug|Any CPU
		{F89977EA-6FEC-41FB-84A3-453D1ADD4A96}.Debug|Any CPU.Build.0 = Debug|Any CPU
		{F89977EA-6FEC-41FB-84A3-453D1ADD4A96}.Debug|x64.ActiveCfg = Debug|Any CPU
		{F89977EA-6FEC-41FB-84A3-453D1ADD4A96}.Debug|x64.Build.0 = Debug|Any CPU
		{F89977EA-6FEC-41FB-84A3-453D1ADD4A96}.Debug|x86.ActiveCfg = Debug|Any CPU
		{F89977EA-6FEC-41FB-84A3-453D1ADD4A96}.Debug|x86.Build.0 = Debug|Any CPU
		{F89977EA-6FEC-41FB-84A3-453D1ADD4A96}.Release|Any CPU.ActiveCfg = Release|Any CPU
		{F89977EA-6FEC-41FB-84A3-453D1ADD4A96}.Release|Any CPU.Build.0 = Release|Any CPU
		{F89977EA-6FEC-41FB-84A3-453D1ADD4A96}.Release|x64.ActiveCfg = Release|Any CPU
		{F89977EA-6FEC-41FB-84A3-453D1ADD4A96}.Release|x64.Build.0 = Release|Any CPU
		{F89977EA-6FEC-41FB-84A3-453D1ADD4A96}.Release|x86.ActiveCfg = Release|Any CPU
		{F89977EA-6FEC-41FB-84A3-453D1ADD4A96}.Release|x86.Build.0 = Release|Any CPU
		{9D251418-D073-4E2A-B574-29D3A572AD4B}.Debug|Any CPU.ActiveCfg = Debug|Any CPU
		{9D251418-D073-4E2A-B574-29D3A572AD4B}.Debug|Any CPU.Build.0 = Debug|Any CPU
		{9D251418-D073-4E2A-B574-29D3A572AD4B}.Debug|x64.ActiveCfg = Debug|Any CPU
		{9D251418-D073-4E2A-B574-29D3A572AD4B}.Debug|x64.Build.0 = Debug|Any CPU
		{9D251418-D073-4E2A-B574-29D3A572AD4B}.Debug|x86.ActiveCfg = Debug|Any CPU
		{9D251418-D073-4E2A-B574-29D3A572AD4B}.Debug|x86.Build.0 = Debug|Any CPU
		{9D251418-D073-4E2A-B574-29D3A572AD4B}.Release|Any CPU.ActiveCfg = Release|Any CPU
		{9D251418-D073-4E2A-B574-29D3A572AD4B}.Release|Any CPU.Build.0 = Release|Any CPU
		{9D251418-D073-4E2A-B574-29D3A572AD4B}.Release|x64.ActiveCfg = Release|Any CPU
		{9D251418-D073-4E2A-B574-29D3A572AD4B}.Release|x64.Build.0 = Release|Any CPU
		{9D251418-D073-4E2A-B574-29D3A572AD4B}.Release|x86.ActiveCfg = Release|Any CPU
		{9D251418-D073-4E2A-B574-29D3A572AD4B}.Release|x86.Build.0 = Release|Any CPU
		{B3BDC613-6632-428F-A6A8-3AA251F7E2CF}.Debug|Any CPU.ActiveCfg = Debug|Any CPU
		{B3BDC613-6632-428F-A6A8-3AA251F7E2CF}.Debug|Any CPU.Build.0 = Debug|Any CPU
		{B3BDC613-6632-428F-A6A8-3AA251F7E2CF}.Debug|x64.ActiveCfg = Debug|Any CPU
		{B3BDC613-6632-428F-A6A8-3AA251F7E2CF}.Debug|x64.Build.0 = Debug|Any CPU
		{B3BDC613-6632-428F-A6A8-3AA251F7E2CF}.Debug|x86.ActiveCfg = Debug|Any CPU
		{B3BDC613-6632-428F-A6A8-3AA251F7E2CF}.Debug|x86.Build.0 = Debug|Any CPU
		{B3BDC613-6632-428F-A6A8-3AA251F7E2CF}.Release|Any CPU.ActiveCfg = Release|Any CPU
		{B3BDC613-6632-428F-A6A8-3AA251F7E2CF}.Release|Any CPU.Build.0 = Release|Any CPU
		{B3BDC613-6632-428F-A6A8-3AA251F7E2CF}.Release|x64.ActiveCfg = Release|Any CPU
		{B3BDC613-6632-428F-A6A8-3AA251F7E2CF}.Release|x64.Build.0 = Release|Any CPU
		{B3BDC613-6632-428F-A6A8-3AA251F7E2CF}.Release|x86.ActiveCfg = Release|Any CPU
		{B3BDC613-6632-428F-A6A8-3AA251F7E2CF}.Release|x86.Build.0 = Release|Any CPU
		{2184C69C-22C8-42F0-B0F8-A6112AC05AF9}.Debug|Any CPU.ActiveCfg = Debug|Any CPU
		{2184C69C-22C8-42F0-B0F8-A6112AC05AF9}.Debug|Any CPU.Build.0 = Debug|Any CPU
		{2184C69C-22C8-42F0-B0F8-A6112AC05AF9}.Debug|x64.ActiveCfg = Debug|Any CPU
		{2184C69C-22C8-42F0-B0F8-A6112AC05AF9}.Debug|x64.Build.0 = Debug|Any CPU
		{2184C69C-22C8-42F0-B0F8-A6112AC05AF9}.Debug|x86.ActiveCfg = Debug|Any CPU
		{2184C69C-22C8-42F0-B0F8-A6112AC05AF9}.Debug|x86.Build.0 = Debug|Any CPU
		{2184C69C-22C8-42F0-B0F8-A6112AC05AF9}.Release|Any CPU.ActiveCfg = Release|Any CPU
		{2184C69C-22C8-42F0-B0F8-A6112AC05AF9}.Release|Any CPU.Build.0 = Release|Any CPU
		{2184C69C-22C8-42F0-B0F8-A6112AC05AF9}.Release|x64.ActiveCfg = Release|Any CPU
		{2184C69C-22C8-42F0-B0F8-A6112AC05AF9}.Release|x64.Build.0 = Release|Any CPU
		{2184C69C-22C8-42F0-B0F8-A6112AC05AF9}.Release|x86.ActiveCfg = Release|Any CPU
		{2184C69C-22C8-42F0-B0F8-A6112AC05AF9}.Release|x86.Build.0 = Release|Any CPU
		{0963A71C-6E1E-4E5C-BC76-33AEA30BB058}.Debug|Any CPU.ActiveCfg = Debug|Any CPU
		{0963A71C-6E1E-4E5C-BC76-33AEA30BB058}.Debug|Any CPU.Build.0 = Debug|Any CPU
		{0963A71C-6E1E-4E5C-BC76-33AEA30BB058}.Debug|x64.ActiveCfg = Debug|Any CPU
		{0963A71C-6E1E-4E5C-BC76-33AEA30BB058}.Debug|x64.Build.0 = Debug|Any CPU
		{0963A71C-6E1E-4E5C-BC76-33AEA30BB058}.Debug|x86.ActiveCfg = Debug|Any CPU
		{0963A71C-6E1E-4E5C-BC76-33AEA30BB058}.Debug|x86.Build.0 = Debug|Any CPU
		{0963A71C-6E1E-4E5C-BC76-33AEA30BB058}.Release|Any CPU.ActiveCfg = Release|Any CPU
		{0963A71C-6E1E-4E5C-BC76-33AEA30BB058}.Release|Any CPU.Build.0 = Release|Any CPU
		{0963A71C-6E1E-4E5C-BC76-33AEA30BB058}.Release|x64.ActiveCfg = Release|Any CPU
		{0963A71C-6E1E-4E5C-BC76-33AEA30BB058}.Release|x64.Build.0 = Release|Any CPU
		{0963A71C-6E1E-4E5C-BC76-33AEA30BB058}.Release|x86.ActiveCfg = Release|Any CPU
		{0963A71C-6E1E-4E5C-BC76-33AEA30BB058}.Release|x86.Build.0 = Release|Any CPU
		{7A9D8D8F-57C8-4650-8B93-B090A96F28BA}.Debug|Any CPU.ActiveCfg = Debug|Any CPU
		{7A9D8D8F-57C8-4650-8B93-B090A96F28BA}.Debug|Any CPU.Build.0 = Debug|Any CPU
		{7A9D8D8F-57C8-4650-8B93-B090A96F28BA}.Debug|x64.ActiveCfg = Debug|Any CPU
		{7A9D8D8F-57C8-4650-8B93-B090A96F28BA}.Debug|x64.Build.0 = Debug|Any CPU
		{7A9D8D8F-57C8-4650-8B93-B090A96F28BA}.Debug|x86.ActiveCfg = Debug|Any CPU
		{7A9D8D8F-57C8-4650-8B93-B090A96F28BA}.Debug|x86.Build.0 = Debug|Any CPU
		{7A9D8D8F-57C8-4650-8B93-B090A96F28BA}.Release|Any CPU.ActiveCfg = Release|Any CPU
		{7A9D8D8F-57C8-4650-8B93-B090A96F28BA}.Release|Any CPU.Build.0 = Release|Any CPU
		{7A9D8D8F-57C8-4650-8B93-B090A96F28BA}.Release|x64.ActiveCfg = Release|Any CPU
		{7A9D8D8F-57C8-4650-8B93-B090A96F28BA}.Release|x64.Build.0 = Release|Any CPU
		{7A9D8D8F-57C8-4650-8B93-B090A96F28BA}.Release|x86.ActiveCfg = Release|Any CPU
		{7A9D8D8F-57C8-4650-8B93-B090A96F28BA}.Release|x86.Build.0 = Release|Any CPU
		{A7A537C9-C380-4705-A790-15235D014C8C}.Debug|Any CPU.ActiveCfg = Debug|Any CPU
		{A7A537C9-C380-4705-A790-15235D014C8C}.Debug|Any CPU.Build.0 = Debug|Any CPU
		{A7A537C9-C380-4705-A790-15235D014C8C}.Debug|x64.ActiveCfg = Debug|Any CPU
		{A7A537C9-C380-4705-A790-15235D014C8C}.Debug|x64.Build.0 = Debug|Any CPU
		{A7A537C9-C380-4705-A790-15235D014C8C}.Debug|x86.ActiveCfg = Debug|Any CPU
		{A7A537C9-C380-4705-A790-15235D014C8C}.Debug|x86.Build.0 = Debug|Any CPU
		{A7A537C9-C380-4705-A790-15235D014C8C}.Release|Any CPU.ActiveCfg = Release|Any CPU
		{A7A537C9-C380-4705-A790-15235D014C8C}.Release|Any CPU.Build.0 = Release|Any CPU
		{A7A537C9-C380-4705-A790-15235D014C8C}.Release|x64.ActiveCfg = Release|Any CPU
		{A7A537C9-C380-4705-A790-15235D014C8C}.Release|x64.Build.0 = Release|Any CPU
		{A7A537C9-C380-4705-A790-15235D014C8C}.Release|x86.ActiveCfg = Release|Any CPU
		{A7A537C9-C380-4705-A790-15235D014C8C}.Release|x86.Build.0 = Release|Any CPU
		{CA887EE0-647C-4AC8-9BA3-373298E518B5}.Debug|Any CPU.ActiveCfg = Debug|Any CPU
		{CA887EE0-647C-4AC8-9BA3-373298E518B5}.Debug|Any CPU.Build.0 = Debug|Any CPU
		{CA887EE0-647C-4AC8-9BA3-373298E518B5}.Debug|x64.ActiveCfg = Debug|Any CPU
		{CA887EE0-647C-4AC8-9BA3-373298E518B5}.Debug|x64.Build.0 = Debug|Any CPU
		{CA887EE0-647C-4AC8-9BA3-373298E518B5}.Debug|x86.ActiveCfg = Debug|Any CPU
		{CA887EE0-647C-4AC8-9BA3-373298E518B5}.Debug|x86.Build.0 = Debug|Any CPU
		{CA887EE0-647C-4AC8-9BA3-373298E518B5}.Release|Any CPU.ActiveCfg = Release|Any CPU
		{CA887EE0-647C-4AC8-9BA3-373298E518B5}.Release|Any CPU.Build.0 = Release|Any CPU
		{CA887EE0-647C-4AC8-9BA3-373298E518B5}.Release|x64.ActiveCfg = Release|Any CPU
		{CA887EE0-647C-4AC8-9BA3-373298E518B5}.Release|x64.Build.0 = Release|Any CPU
		{CA887EE0-647C-4AC8-9BA3-373298E518B5}.Release|x86.ActiveCfg = Release|Any CPU
		{CA887EE0-647C-4AC8-9BA3-373298E518B5}.Release|x86.Build.0 = Release|Any CPU
		{4561AB3C-303A-40B2-ADEA-6E395C9D0E71}.Debug|Any CPU.ActiveCfg = Debug|Any CPU
		{4561AB3C-303A-40B2-ADEA-6E395C9D0E71}.Debug|Any CPU.Build.0 = Debug|Any CPU
		{4561AB3C-303A-40B2-ADEA-6E395C9D0E71}.Debug|x64.ActiveCfg = Debug|Any CPU
		{4561AB3C-303A-40B2-ADEA-6E395C9D0E71}.Debug|x64.Build.0 = Debug|Any CPU
		{4561AB3C-303A-40B2-ADEA-6E395C9D0E71}.Debug|x86.ActiveCfg = Debug|Any CPU
		{4561AB3C-303A-40B2-ADEA-6E395C9D0E71}.Debug|x86.Build.0 = Debug|Any CPU
		{4561AB3C-303A-40B2-ADEA-6E395C9D0E71}.Release|Any CPU.ActiveCfg = Release|Any CPU
		{4561AB3C-303A-40B2-ADEA-6E395C9D0E71}.Release|Any CPU.Build.0 = Release|Any CPU
		{4561AB3C-303A-40B2-ADEA-6E395C9D0E71}.Release|x64.ActiveCfg = Release|Any CPU
		{4561AB3C-303A-40B2-ADEA-6E395C9D0E71}.Release|x64.Build.0 = Release|Any CPU
		{4561AB3C-303A-40B2-ADEA-6E395C9D0E71}.Release|x86.ActiveCfg = Release|Any CPU
		{4561AB3C-303A-40B2-ADEA-6E395C9D0E71}.Release|x86.Build.0 = Release|Any CPU
		{932FE02A-DBE3-4DF6-B725-2BA6082D1D24}.Debug|Any CPU.ActiveCfg = Debug|Any CPU
		{932FE02A-DBE3-4DF6-B725-2BA6082D1D24}.Debug|Any CPU.Build.0 = Debug|Any CPU
		{932FE02A-DBE3-4DF6-B725-2BA6082D1D24}.Debug|x64.ActiveCfg = Debug|Any CPU
		{932FE02A-DBE3-4DF6-B725-2BA6082D1D24}.Debug|x64.Build.0 = Debug|Any CPU
		{932FE02A-DBE3-4DF6-B725-2BA6082D1D24}.Debug|x86.ActiveCfg = Debug|Any CPU
		{932FE02A-DBE3-4DF6-B725-2BA6082D1D24}.Debug|x86.Build.0 = Debug|Any CPU
		{932FE02A-DBE3-4DF6-B725-2BA6082D1D24}.Release|Any CPU.ActiveCfg = Release|Any CPU
		{932FE02A-DBE3-4DF6-B725-2BA6082D1D24}.Release|Any CPU.Build.0 = Release|Any CPU
		{932FE02A-DBE3-4DF6-B725-2BA6082D1D24}.Release|x64.ActiveCfg = Release|Any CPU
		{932FE02A-DBE3-4DF6-B725-2BA6082D1D24}.Release|x64.Build.0 = Release|Any CPU
		{932FE02A-DBE3-4DF6-B725-2BA6082D1D24}.Release|x86.ActiveCfg = Release|Any CPU
		{932FE02A-DBE3-4DF6-B725-2BA6082D1D24}.Release|x86.Build.0 = Release|Any CPU
		{B7339EC4-A6E3-49FF-AE35-1AD974CD9758}.Debug|Any CPU.ActiveCfg = Debug|Any CPU
		{B7339EC4-A6E3-49FF-AE35-1AD974CD9758}.Debug|Any CPU.Build.0 = Debug|Any CPU
		{B7339EC4-A6E3-49FF-AE35-1AD974CD9758}.Debug|x64.ActiveCfg = Debug|Any CPU
		{B7339EC4-A6E3-49FF-AE35-1AD974CD9758}.Debug|x64.Build.0 = Debug|Any CPU
		{B7339EC4-A6E3-49FF-AE35-1AD974CD9758}.Debug|x86.ActiveCfg = Debug|Any CPU
		{B7339EC4-A6E3-49FF-AE35-1AD974CD9758}.Debug|x86.Build.0 = Debug|Any CPU
		{B7339EC4-A6E3-49FF-AE35-1AD974CD9758}.Release|Any CPU.ActiveCfg = Release|Any CPU
		{B7339EC4-A6E3-49FF-AE35-1AD974CD9758}.Release|Any CPU.Build.0 = Release|Any CPU
		{B7339EC4-A6E3-49FF-AE35-1AD974CD9758}.Release|x64.ActiveCfg = Release|Any CPU
		{B7339EC4-A6E3-49FF-AE35-1AD974CD9758}.Release|x64.Build.0 = Release|Any CPU
		{B7339EC4-A6E3-49FF-AE35-1AD974CD9758}.Release|x86.ActiveCfg = Release|Any CPU
		{B7339EC4-A6E3-49FF-AE35-1AD974CD9758}.Release|x86.Build.0 = Release|Any CPU
		{1B94C48C-92F0-4117-89D0-0ECD111956D2}.Debug|Any CPU.ActiveCfg = Debug|Any CPU
		{1B94C48C-92F0-4117-89D0-0ECD111956D2}.Debug|Any CPU.Build.0 = Debug|Any CPU
		{1B94C48C-92F0-4117-89D0-0ECD111956D2}.Debug|x64.ActiveCfg = Debug|Any CPU
		{1B94C48C-92F0-4117-89D0-0ECD111956D2}.Debug|x64.Build.0 = Debug|Any CPU
		{1B94C48C-92F0-4117-89D0-0ECD111956D2}.Debug|x86.ActiveCfg = Debug|Any CPU
		{1B94C48C-92F0-4117-89D0-0ECD111956D2}.Debug|x86.Build.0 = Debug|Any CPU
		{1B94C48C-92F0-4117-89D0-0ECD111956D2}.Release|Any CPU.ActiveCfg = Release|Any CPU
		{1B94C48C-92F0-4117-89D0-0ECD111956D2}.Release|Any CPU.Build.0 = Release|Any CPU
		{1B94C48C-92F0-4117-89D0-0ECD111956D2}.Release|x64.ActiveCfg = Release|Any CPU
		{1B94C48C-92F0-4117-89D0-0ECD111956D2}.Release|x64.Build.0 = Release|Any CPU
		{1B94C48C-92F0-4117-89D0-0ECD111956D2}.Release|x86.ActiveCfg = Release|Any CPU
		{1B94C48C-92F0-4117-89D0-0ECD111956D2}.Release|x86.Build.0 = Release|Any CPU
		{6396113D-F9A1-4299-B0C9-3B20A893AEFD}.Debug|Any CPU.ActiveCfg = Debug|Any CPU
		{6396113D-F9A1-4299-B0C9-3B20A893AEFD}.Debug|Any CPU.Build.0 = Debug|Any CPU
		{6396113D-F9A1-4299-B0C9-3B20A893AEFD}.Debug|x64.ActiveCfg = Debug|Any CPU
		{6396113D-F9A1-4299-B0C9-3B20A893AEFD}.Debug|x64.Build.0 = Debug|Any CPU
		{6396113D-F9A1-4299-B0C9-3B20A893AEFD}.Debug|x86.ActiveCfg = Debug|Any CPU
		{6396113D-F9A1-4299-B0C9-3B20A893AEFD}.Debug|x86.Build.0 = Debug|Any CPU
		{6396113D-F9A1-4299-B0C9-3B20A893AEFD}.Release|Any CPU.ActiveCfg = Release|Any CPU
		{6396113D-F9A1-4299-B0C9-3B20A893AEFD}.Release|Any CPU.Build.0 = Release|Any CPU
		{6396113D-F9A1-4299-B0C9-3B20A893AEFD}.Release|x64.ActiveCfg = Release|Any CPU
		{6396113D-F9A1-4299-B0C9-3B20A893AEFD}.Release|x64.Build.0 = Release|Any CPU
		{6396113D-F9A1-4299-B0C9-3B20A893AEFD}.Release|x86.ActiveCfg = Release|Any CPU
		{6396113D-F9A1-4299-B0C9-3B20A893AEFD}.Release|x86.Build.0 = Release|Any CPU
		{4877503C-3B10-4E00-9BC7-7780527BB7A2}.Debug|Any CPU.ActiveCfg = Debug|Any CPU
		{4877503C-3B10-4E00-9BC7-7780527BB7A2}.Debug|Any CPU.Build.0 = Debug|Any CPU
		{4877503C-3B10-4E00-9BC7-7780527BB7A2}.Debug|x64.ActiveCfg = Debug|Any CPU
		{4877503C-3B10-4E00-9BC7-7780527BB7A2}.Debug|x64.Build.0 = Debug|Any CPU
		{4877503C-3B10-4E00-9BC7-7780527BB7A2}.Debug|x86.ActiveCfg = Debug|Any CPU
		{4877503C-3B10-4E00-9BC7-7780527BB7A2}.Debug|x86.Build.0 = Debug|Any CPU
		{4877503C-3B10-4E00-9BC7-7780527BB7A2}.Release|Any CPU.ActiveCfg = Release|Any CPU
		{4877503C-3B10-4E00-9BC7-7780527BB7A2}.Release|Any CPU.Build.0 = Release|Any CPU
		{4877503C-3B10-4E00-9BC7-7780527BB7A2}.Release|x64.ActiveCfg = Release|Any CPU
		{4877503C-3B10-4E00-9BC7-7780527BB7A2}.Release|x64.Build.0 = Release|Any CPU
		{4877503C-3B10-4E00-9BC7-7780527BB7A2}.Release|x86.ActiveCfg = Release|Any CPU
		{4877503C-3B10-4E00-9BC7-7780527BB7A2}.Release|x86.Build.0 = Release|Any CPU
		{BB2E31DE-F903-4E45-AC5F-8659600DFB70}.Debug|Any CPU.ActiveCfg = Debug|Any CPU
		{BB2E31DE-F903-4E45-AC5F-8659600DFB70}.Debug|Any CPU.Build.0 = Debug|Any CPU
		{BB2E31DE-F903-4E45-AC5F-8659600DFB70}.Debug|x64.ActiveCfg = Debug|Any CPU
		{BB2E31DE-F903-4E45-AC5F-8659600DFB70}.Debug|x64.Build.0 = Debug|Any CPU
		{BB2E31DE-F903-4E45-AC5F-8659600DFB70}.Debug|x86.ActiveCfg = Debug|Any CPU
		{BB2E31DE-F903-4E45-AC5F-8659600DFB70}.Debug|x86.Build.0 = Debug|Any CPU
		{BB2E31DE-F903-4E45-AC5F-8659600DFB70}.Release|Any CPU.ActiveCfg = Release|Any CPU
		{BB2E31DE-F903-4E45-AC5F-8659600DFB70}.Release|Any CPU.Build.0 = Release|Any CPU
		{BB2E31DE-F903-4E45-AC5F-8659600DFB70}.Release|x64.ActiveCfg = Release|Any CPU
		{BB2E31DE-F903-4E45-AC5F-8659600DFB70}.Release|x64.Build.0 = Release|Any CPU
		{BB2E31DE-F903-4E45-AC5F-8659600DFB70}.Release|x86.ActiveCfg = Release|Any CPU
		{BB2E31DE-F903-4E45-AC5F-8659600DFB70}.Release|x86.Build.0 = Release|Any CPU
		{304A3D36-3666-4665-B74B-D2DFA0662895}.Debug|Any CPU.ActiveCfg = Debug|Any CPU
		{304A3D36-3666-4665-B74B-D2DFA0662895}.Debug|Any CPU.Build.0 = Debug|Any CPU
		{304A3D36-3666-4665-B74B-D2DFA0662895}.Debug|x64.ActiveCfg = Debug|Any CPU
		{304A3D36-3666-4665-B74B-D2DFA0662895}.Debug|x64.Build.0 = Debug|Any CPU
		{304A3D36-3666-4665-B74B-D2DFA0662895}.Debug|x86.ActiveCfg = Debug|Any CPU
		{304A3D36-3666-4665-B74B-D2DFA0662895}.Debug|x86.Build.0 = Debug|Any CPU
		{304A3D36-3666-4665-B74B-D2DFA0662895}.Release|Any CPU.ActiveCfg = Release|Any CPU
		{304A3D36-3666-4665-B74B-D2DFA0662895}.Release|Any CPU.Build.0 = Release|Any CPU
		{304A3D36-3666-4665-B74B-D2DFA0662895}.Release|x64.ActiveCfg = Release|Any CPU
		{304A3D36-3666-4665-B74B-D2DFA0662895}.Release|x64.Build.0 = Release|Any CPU
		{304A3D36-3666-4665-B74B-D2DFA0662895}.Release|x86.ActiveCfg = Release|Any CPU
		{304A3D36-3666-4665-B74B-D2DFA0662895}.Release|x86.Build.0 = Release|Any CPU
		{1F0D3AEC-77A5-41B5-A85A-319D3C21E3E2}.Debug|Any CPU.ActiveCfg = Debug|Any CPU
		{1F0D3AEC-77A5-41B5-A85A-319D3C21E3E2}.Debug|Any CPU.Build.0 = Debug|Any CPU
		{1F0D3AEC-77A5-41B5-A85A-319D3C21E3E2}.Debug|x64.ActiveCfg = Debug|Any CPU
		{1F0D3AEC-77A5-41B5-A85A-319D3C21E3E2}.Debug|x64.Build.0 = Debug|Any CPU
		{1F0D3AEC-77A5-41B5-A85A-319D3C21E3E2}.Debug|x86.ActiveCfg = Debug|Any CPU
		{1F0D3AEC-77A5-41B5-A85A-319D3C21E3E2}.Debug|x86.Build.0 = Debug|Any CPU
		{1F0D3AEC-77A5-41B5-A85A-319D3C21E3E2}.Release|Any CPU.ActiveCfg = Release|Any CPU
		{1F0D3AEC-77A5-41B5-A85A-319D3C21E3E2}.Release|Any CPU.Build.0 = Release|Any CPU
		{1F0D3AEC-77A5-41B5-A85A-319D3C21E3E2}.Release|x64.ActiveCfg = Release|Any CPU
		{1F0D3AEC-77A5-41B5-A85A-319D3C21E3E2}.Release|x64.Build.0 = Release|Any CPU
		{1F0D3AEC-77A5-41B5-A85A-319D3C21E3E2}.Release|x86.ActiveCfg = Release|Any CPU
		{1F0D3AEC-77A5-41B5-A85A-319D3C21E3E2}.Release|x86.Build.0 = Release|Any CPU
		{4DC40328-61CB-4D1A-BED7-E413152CFB95}.Debug|Any CPU.ActiveCfg = Debug|Any CPU
		{4DC40328-61CB-4D1A-BED7-E413152CFB95}.Debug|Any CPU.Build.0 = Debug|Any CPU
		{4DC40328-61CB-4D1A-BED7-E413152CFB95}.Debug|x64.ActiveCfg = Debug|Any CPU
		{4DC40328-61CB-4D1A-BED7-E413152CFB95}.Debug|x64.Build.0 = Debug|Any CPU
		{4DC40328-61CB-4D1A-BED7-E413152CFB95}.Debug|x86.ActiveCfg = Debug|Any CPU
		{4DC40328-61CB-4D1A-BED7-E413152CFB95}.Debug|x86.Build.0 = Debug|Any CPU
		{4DC40328-61CB-4D1A-BED7-E413152CFB95}.Release|Any CPU.ActiveCfg = Release|Any CPU
		{4DC40328-61CB-4D1A-BED7-E413152CFB95}.Release|Any CPU.Build.0 = Release|Any CPU
		{4DC40328-61CB-4D1A-BED7-E413152CFB95}.Release|x64.ActiveCfg = Release|Any CPU
		{4DC40328-61CB-4D1A-BED7-E413152CFB95}.Release|x64.Build.0 = Release|Any CPU
		{4DC40328-61CB-4D1A-BED7-E413152CFB95}.Release|x86.ActiveCfg = Release|Any CPU
		{4DC40328-61CB-4D1A-BED7-E413152CFB95}.Release|x86.Build.0 = Release|Any CPU
	EndGlobalSection
	GlobalSection(SolutionProperties) = preSolution
		HideSolutionNode = FALSE
	EndGlobalSection
	GlobalSection(NestedProjects) = preSolution
		{0A84708D-0608-41F0-9904-2E6320B94D77} = {0BDB5CE1-65A4-4EAE-AD88-2AA0A85F1E71}
		{C5083A7E-1897-4A24-A185-B4EAD0209189} = {BCFD99C3-A9AB-4F2C-8A18-2F32FEFAAAA6}
		{4BE6FE6F-E83E-48E7-986B-B19CBA1B6FF4} = {827E0CD3-B72D-47B6-A68D-7590B98EB39B}
		{AB405739-E833-48A4-A68F-5AC73535A198} = {827E0CD3-B72D-47B6-A68D-7590B98EB39B}
		{3006DE90-7B2D-4BAD-B409-386F62764689} = {0BDB5CE1-65A4-4EAE-AD88-2AA0A85F1E71}
		{6C8B0CE4-DE64-4CAD-8315-97ED726DF390} = {0BDB5CE1-65A4-4EAE-AD88-2AA0A85F1E71}
		{1499AB32-A308-41A9-8C51-1A34622A1C9D} = {BCFD99C3-A9AB-4F2C-8A18-2F32FEFAAAA6}
		{3098C621-3018-418A-9339-EE9A62682F36} = {BCFD99C3-A9AB-4F2C-8A18-2F32FEFAAAA6}
		{61164F74-505D-4E60-88B6-15E4FC53B402} = {BCFD99C3-A9AB-4F2C-8A18-2F32FEFAAAA6}
		{DCC194A6-F28B-4B6D-A734-92ED0D303CE0} = {BCFD99C3-A9AB-4F2C-8A18-2F32FEFAAAA6}
		{AD8FDFAA-D638-4499-82F9-97BD22A9EDD6} = {BCFD99C3-A9AB-4F2C-8A18-2F32FEFAAAA6}
		{2C99C757-892C-4222-8B14-68353CFD6D02} = {BCFD99C3-A9AB-4F2C-8A18-2F32FEFAAAA6}
		{C341C48F-77F4-42BE-9E73-03EC7D6711E3} = {827E0CD3-B72D-47B6-A68D-7590B98EB39B}
		{D2643013-4230-4723-B74A-725D9ADEC9E7} = {4F11B83B-1F83-4C8A-BAB1-77BBBF08803C}
		{B02790C8-C9C1-4B1E-9520-567BA01813FA} = {BCFD99C3-A9AB-4F2C-8A18-2F32FEFAAAA6}
		{D0BE466E-4CE3-454A-A5B7-DE93C7933118} = {BCFD99C3-A9AB-4F2C-8A18-2F32FEFAAAA6}
		{B677A6EE-F5F1-4BF7-90AC-9613484A0087} = {BCFD99C3-A9AB-4F2C-8A18-2F32FEFAAAA6}
		{C5E1D9A8-3F42-4A1E-9B7D-2E8F66C3DD77} = {4F11B83B-1F83-4C8A-BAB1-77BBBF08803C}
		{8DFC1096-2448-4B1E-9F8A-1E6F55A2BB66} = {4F11B83B-1F83-4C8A-BAB1-77BBBF08803C}
		{491D9C65-8450-46AA-A225-F29248ED5CFA} = {4F11B83B-1F83-4C8A-BAB1-77BBBF08803C}
		{6E404BB0-97E4-4B0A-88F2-4BC58EE22022} = {4F11B83B-1F83-4C8A-BAB1-77BBBF08803C}
		{827EAA89-EA5A-484B-82BF-D5A95D26C90B} = {DEB9D883-2407-4C84-9973-C90B25F613B8}
		{A4F0C110-7A4A-4CE6-89B8-D9F534CE5BCA} = {DEB9D883-2407-4C84-9973-C90B25F613B8}
		{7A0596C5-49FF-4E7E-949A-D65C34BEFB93} = {7A94CD93-8608-4FC4-A39C-ED5FDE9225C2}
		{8B1734C4-777B-4604-9071-615A81A96B94} = {0BDB5CE1-65A4-4EAE-AD88-2AA0A85F1E71}
		{B9632D54-8169-4061-BB89-6C4A4033B501} = {74EE9F7C-C542-44EC-9A7A-15E5637C1477}
		{A57BE809-208D-4B07-8D48-16D16C6F6FCD} = {74EE9F7C-C542-44EC-9A7A-15E5637C1477}
		{579C8285-3DBC-44CC-B9FD-D60CBCCD7527} = {827E0CD3-B72D-47B6-A68D-7590B98EB39B}
		{F89977EA-6FEC-41FB-84A3-453D1ADD4A96} = {827E0CD3-B72D-47B6-A68D-7590B98EB39B}
		{9D251418-D073-4E2A-B574-29D3A572AD4B} = {827E0CD3-B72D-47B6-A68D-7590B98EB39B}
		{B3BDC613-6632-428F-A6A8-3AA251F7E2CF} = {827E0CD3-B72D-47B6-A68D-7590B98EB39B}
		{2184C69C-22C8-42F0-B0F8-A6112AC05AF9} = {BCFD99C3-A9AB-4F2C-8A18-2F32FEFAAAA6}
		{0963A71C-6E1E-4E5C-BC76-33AEA30BB058} = {BCFD99C3-A9AB-4F2C-8A18-2F32FEFAAAA6}
		{7A9D8D8F-57C8-4650-8B93-B090A96F28BA} = {BCFD99C3-A9AB-4F2C-8A18-2F32FEFAAAA6}
		{7814024B-3575-4F91-10E5-8B75C9CA7967} = {07D57EEB-2F50-60C4-C011-FE4FA775C9A8}
		{A7A537C9-C380-4705-A790-15235D014C8C} = {7814024B-3575-4F91-10E5-8B75C9CA7967}
		{CA887EE0-647C-4AC8-9BA3-373298E518B5} = {7814024B-3575-4F91-10E5-8B75C9CA7967}
		{4561AB3C-303A-40B2-ADEA-6E395C9D0E71} = {7814024B-3575-4F91-10E5-8B75C9CA7967}
		{932FE02A-DBE3-4DF6-B725-2BA6082D1D24} = {7814024B-3575-4F91-10E5-8B75C9CA7967}
		{B7339EC4-A6E3-49FF-AE35-1AD974CD9758} = {7814024B-3575-4F91-10E5-8B75C9CA7967}
		{1B94C48C-92F0-4117-89D0-0ECD111956D2} = {7814024B-3575-4F91-10E5-8B75C9CA7967}
		{6396113D-F9A1-4299-B0C9-3B20A893AEFD} = {7814024B-3575-4F91-10E5-8B75C9CA7967}
		{4877503C-3B10-4E00-9BC7-7780527BB7A2} = {7814024B-3575-4F91-10E5-8B75C9CA7967}
		{BB2E31DE-F903-4E45-AC5F-8659600DFB70} = {07D57EEB-2F50-60C4-C011-FE4FA775C9A8}
		{B0F11E69-D714-39B2-4156-5A6CDEBB0B88} = {07D57EEB-2F50-60C4-C011-FE4FA775C9A8}
		{304A3D36-3666-4665-B74B-D2DFA0662895} = {B0F11E69-D714-39B2-4156-5A6CDEBB0B88}
		{1F0D3AEC-77A5-41B5-A85A-319D3C21E3E2} = {B0F11E69-D714-39B2-4156-5A6CDEBB0B88}
		{4DC40328-61CB-4D1A-BED7-E413152CFB95} = {B0F11E69-D714-39B2-4156-5A6CDEBB0B88}
	EndGlobalSection
EndGlobal
